// !$*UTF8*$!
{
	archiveVersion = 1;
	classes = {
	};
	objectVersion = 46;
	objects = {

/* Begin PBXBuildFile section */
		01A90230182A3CBF00D85971 /* Foundation.framework in Frameworks */ = {isa = PBXBuildFile; fileRef = 01A9020F182A3CBE00D85971 /* Foundation.framework */; };
		01A90231182A3CBF00D85971 /* UIKit.framework in Frameworks */ = {isa = PBXBuildFile; fileRef = 01A90213182A3CBE00D85971 /* UIKit.framework */; };
		01A90239182A3CBF00D85971 /* InfoPlist.strings in Resources */ = {isa = PBXBuildFile; fileRef = 01A90237182A3CBF00D85971 /* InfoPlist.strings */; };
		01A9023B182A3CBF00D85971 /* Airmote_Tests.m in Sources */ = {isa = PBXBuildFile; fileRef = 01A9023A182A3CBF00D85971 /* Airmote_Tests.m */; };
		B42B608A1ABC2A0900C9C4F9 /* AppDelegate.m in Sources */ = {isa = PBXBuildFile; fileRef = 01A90607182A49A100D85971 /* AppDelegate.m */; };
		B42B608B1ABC2A0900C9C4F9 /* VerifyInAiRViewController.m in Sources */ = {isa = PBXBuildFile; fileRef = B4F9933F19A4DE77006FC9C2 /* VerifyInAiRViewController.m */; };
		B42B608C1ABC2A0900C9C4F9 /* WSNetworksController.m in Sources */ = {isa = PBXBuildFile; fileRef = 01300D2E1A8EAE7800C92E71 /* WSNetworksController.m */; };
		B42B608D1ABC2A0900C9C4F9 /* WiFiListViewController.m in Sources */ = {isa = PBXBuildFile; fileRef = B4F9933519A487EA006FC9C2 /* WiFiListViewController.m */; };
		B42B608E1ABC2A0900C9C4F9 /* main.m in Sources */ = {isa = PBXBuildFile; fileRef = 01A9021B182A3CBE00D85971 /* main.m */; };
		B42B608F1ABC2A0900C9C4F9 /* ChangeNameViewController.m in Sources */ = {isa = PBXBuildFile; fileRef = B4F9934419A4E097006FC9C2 /* ChangeNameViewController.m */; };
		B42B60901ABC2A0900C9C4F9 /* WifiCell.m in Sources */ = {isa = PBXBuildFile; fileRef = B4F9933A19A497F1006FC9C2 /* WifiCell.m */; };
		B42B60911ABC2A0900C9C4F9 /* EnterPasswordViewController.m in Sources */ = {isa = PBXBuildFile; fileRef = B4F9934919A4E925006FC9C2 /* EnterPasswordViewController.m */; };
		B42B60921ABC2A0900C9C4F9 /* TrackPadViewController.m in Sources */ = {isa = PBXBuildFile; fileRef = C5844ED89441B78E5ED9D931 /* TrackPadViewController.m */; };
		B42B60931ABC2A0900C9C4F9 /* WebViewController.m in Sources */ = {isa = PBXBuildFile; fileRef = C584485FF4326A8E9B08B3A4 /* WebViewController.m */; };
		B42B60941ABC2A0900C9C4F9 /* InstructionViewController.m in Sources */ = {isa = PBXBuildFile; fileRef = B4BBD95119A3661500156A92 /* InstructionViewController.m */; };
		B42B60951ABC2A0900C9C4F9 /* Event+Extension.m in Sources */ = {isa = PBXBuildFile; fileRef = C584418E08FB8FB0F1DDF896 /* Event+Extension.m */; };
		B42B60961ABC2A0900C9C4F9 /* EventCenter.m in Sources */ = {isa = PBXBuildFile; fileRef = C58442F85EC1ECBA64716687 /* EventCenter.m */; };
		B42B60971ABC2A0900C9C4F9 /* WSInstructionController.m in Sources */ = {isa = PBXBuildFile; fileRef = 0124BFD31A8D82EC006EB73A /* WSInstructionController.m */; };
		B42B60981ABC2A0900C9C4F9 /* TrackPadView.m in Sources */ = {isa = PBXBuildFile; fileRef = C58449F556AFB3C52D6C7D28 /* TrackPadView.m */; };
		B42B60991ABC2A0900C9C4F9 /* WSEnterPasswordController.m in Sources */ = {isa = PBXBuildFile; fileRef = 01300D351A8F184200C92E71 /* WSEnterPasswordController.m */; };
		B42B609A1ABC2A0900C9C4F9 /* NSData+NetService.m in Sources */ = {isa = PBXBuildFile; fileRef = C5844A3ABF93BE55E57B1EB8 /* NSData+NetService.m */; };
		B42B609B1ABC2A0900C9C4F9 /* DDURLParser.m in Sources */ = {isa = PBXBuildFile; fileRef = C58449D8A0EA2DEB85384596 /* DDURLParser.m */; };
		B42B609C1ABC2A0900C9C4F9 /* ProtoHelper.m in Sources */ = {isa = PBXBuildFile; fileRef = C58446B8812F646BE82E52DB /* ProtoHelper.m */; };
		B42B609D1ABC2A0900C9C4F9 /* Proto.pb.m in Sources */ = {isa = PBXBuildFile; fileRef = C58449999B7324E698D6643F /* Proto.pb.m */; };
		B42B609E1ABC2A0900C9C4F9 /* WifiHelper.m in Sources */ = {isa = PBXBuildFile; fileRef = C5844AEC7D865AC3656EC804 /* WifiHelper.m */; };
		B42B609F1ABC2A0900C9C4F9 /* ConnectedConfirmationViewController.m in Sources */ = {isa = PBXBuildFile; fileRef = B46889A819AEE5ED0043A8A9 /* ConnectedConfirmationViewController.m */; };
		B42B60A01ABC2A0900C9C4F9 /* WifiNetwork+Extension.m in Sources */ = {isa = PBXBuildFile; fileRef = C58448D55F9A1DC3853DD753 /* WifiNetwork+Extension.m */; };
		B42B60A11ABC2A0900C9C4F9 /* IAConnection.m in Sources */ = {isa = PBXBuildFile; fileRef = C5844072E0B87BC74BC615E0 /* IAConnection.m */; };
		B42B60A21ABC2A0900C9C4F9 /* JDStatusBarNotification+Extension.m in Sources */ = {isa = PBXBuildFile; fileRef = C07A4042D59C4B3B2DA2B2CC /* JDStatusBarNotification+Extension.m */; };
		B42B60A31ABC2A0900C9C4F9 /* WifiSetupController.m in Sources */ = {isa = PBXBuildFile; fileRef = C07A4B1D324CC7741CD1956B /* WifiSetupController.m */; };
		B42B60A51ABC2A0900C9C4F9 /* libz.dylib in Frameworks */ = {isa = PBXBuildFile; fileRef = B4B87A8019A20A5400E2BDD0 /* libz.dylib */; };
		B42B60A61ABC2A0900C9C4F9 /* Security.framework in Frameworks */ = {isa = PBXBuildFile; fileRef = 013F0580186983AC0029A23E /* Security.framework */; };
		B42B60A71ABC2A0900C9C4F9 /* Crashlytics.framework in Frameworks */ = {isa = PBXBuildFile; fileRef = B4E715A01AA950A900AAE5FF /* Crashlytics.framework */; };
		B42B60A81ABC2A0900C9C4F9 /* CFNetwork.framework in Frameworks */ = {isa = PBXBuildFile; fileRef = 013F057E186983A50029A23E /* CFNetwork.framework */; };
		B42B60A91ABC2A0900C9C4F9 /* CoreGraphics.framework in Frameworks */ = {isa = PBXBuildFile; fileRef = 01A90211182A3CBE00D85971 /* CoreGraphics.framework */; };
		B42B60AA1ABC2A0900C9C4F9 /* Fabric.framework in Frameworks */ = {isa = PBXBuildFile; fileRef = B4E715A11AA950A900AAE5FF /* Fabric.framework */; };
		B42B60AB1ABC2A0900C9C4F9 /* UIKit.framework in Frameworks */ = {isa = PBXBuildFile; fileRef = 01A90213182A3CBE00D85971 /* UIKit.framework */; };
		B42B60AC1ABC2A0900C9C4F9 /* Foundation.framework in Frameworks */ = {isa = PBXBuildFile; fileRef = 01A9020F182A3CBE00D85971 /* Foundation.framework */; };
		B42B60AD1ABC2A0900C9C4F9 /* libPods.a in Frameworks */ = {isa = PBXBuildFile; fileRef = B16347417AEC44FE911F15C2 /* libPods.a */; };
		B42B60AF1ABC2A0900C9C4F9 /* inair.js in Resources */ = {isa = PBXBuildFile; fileRef = C07A406170D4DAC7423CA365 /* inair.js */; };
		B42B60B01ABC2A0900C9C4F9 /* ChangeNameViewController.xib in Resources */ = {isa = PBXBuildFile; fileRef = B4F9934519A4E097006FC9C2 /* ChangeNameViewController.xib */; };
		B42B60B11ABC2A0900C9C4F9 /* Settings.bundle in Resources */ = {isa = PBXBuildFile; fileRef = 01F415601871DA4300029AFE /* Settings.bundle */; };
		B42B60B21ABC2A0900C9C4F9 /* WifiCell.xib in Resources */ = {isa = PBXBuildFile; fileRef = B4F9933C19A498C2006FC9C2 /* WifiCell.xib */; };
		B42B60B31ABC2A0900C9C4F9 /* WSInstructionController.xib in Resources */ = {isa = PBXBuildFile; fileRef = 0124BFD41A8D82EC006EB73A /* WSInstructionController.xib */; };
		B42B60B41ABC2A0900C9C4F9 /* Images.xcassets in Resources */ = {isa = PBXBuildFile; fileRef = 01A90227182A3CBE00D85971 /* Images.xcassets */; };
		B42B60B51ABC2A0900C9C4F9 /* EnterPasswordViewController.xib in Resources */ = {isa = PBXBuildFile; fileRef = B4F9934A19A4E925006FC9C2 /* EnterPasswordViewController.xib */; };
		B42B60B61ABC2A0900C9C4F9 /* Podfile in Resources */ = {isa = PBXBuildFile; fileRef = 010887CC182CCE6E008BDD22 /* Podfile */; };
		B42B60B71ABC2A0900C9C4F9 /* InfoPlist.strings in Resources */ = {isa = PBXBuildFile; fileRef = 01A90218182A3CBE00D85971 /* InfoPlist.strings */; };
		B42B60B81ABC2A0900C9C4F9 /* TrackPadViewController.xib in Resources */ = {isa = PBXBuildFile; fileRef = C584421B3AFAC90EE9EFDA78 /* TrackPadViewController.xib */; };
		B42B60B91ABC2A0900C9C4F9 /* VerifyInAiRViewController.xib in Resources */ = {isa = PBXBuildFile; fileRef = B4F9934019A4DE77006FC9C2 /* VerifyInAiRViewController.xib */; };
		B42B60BA1ABC2A0900C9C4F9 /* WiFiListViewController.xib in Resources */ = {isa = PBXBuildFile; fileRef = B4F9933619A487EA006FC9C2 /* WiFiListViewController.xib */; };
		B42B60BB1ABC2A0900C9C4F9 /* InstructionViewController.xib in Resources */ = {isa = PBXBuildFile; fileRef = B4BBD95219A3661500156A92 /* InstructionViewController.xib */; };
		B42B60BC1ABC2A0900C9C4F9 /* WSNetworksController.xib in Resources */ = {isa = PBXBuildFile; fileRef = 01300D2F1A8EAE7800C92E71 /* WSNetworksController.xib */; };
		B42B60BD1ABC2A0900C9C4F9 /* ConnectedConfirmationViewController.xib in Resources */ = {isa = PBXBuildFile; fileRef = B46889A919AEE5ED0043A8A9 /* ConnectedConfirmationViewController.xib */; };
/* End PBXBuildFile section */

/* Begin PBXFileReference section */
		010887CC182CCE6E008BDD22 /* Podfile */ = {isa = PBXFileReference; fileEncoding = 4; lastKnownFileType = text; path = Podfile; sourceTree = SOURCE_ROOT; xcLanguageSpecificationIdentifier = xcode.lang.ruby; };
		0124BFD21A8D82EC006EB73A /* WSInstructionController.h */ = {isa = PBXFileReference; fileEncoding = 4; lastKnownFileType = sourcecode.c.h; path = WSInstructionController.h; sourceTree = "<group>"; };
		0124BFD31A8D82EC006EB73A /* WSInstructionController.m */ = {isa = PBXFileReference; fileEncoding = 4; lastKnownFileType = sourcecode.c.objc; path = WSInstructionController.m; sourceTree = "<group>"; };
		0124BFD41A8D82EC006EB73A /* WSInstructionController.xib */ = {isa = PBXFileReference; fileEncoding = 4; lastKnownFileType = file.xib; path = WSInstructionController.xib; sourceTree = "<group>"; };
		01300D2D1A8EAE7800C92E71 /* WSNetworksController.h */ = {isa = PBXFileReference; fileEncoding = 4; lastKnownFileType = sourcecode.c.h; path = WSNetworksController.h; sourceTree = "<group>"; };
		01300D2E1A8EAE7800C92E71 /* WSNetworksController.m */ = {isa = PBXFileReference; fileEncoding = 4; lastKnownFileType = sourcecode.c.objc; path = WSNetworksController.m; sourceTree = "<group>"; };
		01300D2F1A8EAE7800C92E71 /* WSNetworksController.xib */ = {isa = PBXFileReference; fileEncoding = 4; lastKnownFileType = file.xib; path = WSNetworksController.xib; sourceTree = "<group>"; };
		01300D341A8F184200C92E71 /* WSEnterPasswordController.h */ = {isa = PBXFileReference; fileEncoding = 4; lastKnownFileType = sourcecode.c.h; path = WSEnterPasswordController.h; sourceTree = "<group>"; };
		01300D351A8F184200C92E71 /* WSEnterPasswordController.m */ = {isa = PBXFileReference; fileEncoding = 4; lastKnownFileType = sourcecode.c.objc; path = WSEnterPasswordController.m; sourceTree = "<group>"; };
		013F057E186983A50029A23E /* CFNetwork.framework */ = {isa = PBXFileReference; lastKnownFileType = wrapper.framework; name = CFNetwork.framework; path = System/Library/Frameworks/CFNetwork.framework; sourceTree = SDKROOT; };
		013F0580186983AC0029A23E /* Security.framework */ = {isa = PBXFileReference; lastKnownFileType = wrapper.framework; name = Security.framework; path = System/Library/Frameworks/Security.framework; sourceTree = SDKROOT; };
		01A9020F182A3CBE00D85971 /* Foundation.framework */ = {isa = PBXFileReference; lastKnownFileType = wrapper.framework; name = Foundation.framework; path = System/Library/Frameworks/Foundation.framework; sourceTree = SDKROOT; };
		01A90211182A3CBE00D85971 /* CoreGraphics.framework */ = {isa = PBXFileReference; lastKnownFileType = wrapper.framework; name = CoreGraphics.framework; path = System/Library/Frameworks/CoreGraphics.framework; sourceTree = SDKROOT; };
		01A90213182A3CBE00D85971 /* UIKit.framework */ = {isa = PBXFileReference; lastKnownFileType = wrapper.framework; name = UIKit.framework; path = System/Library/Frameworks/UIKit.framework; sourceTree = SDKROOT; };
		01A90219182A3CBE00D85971 /* en */ = {isa = PBXFileReference; lastKnownFileType = text.plist.strings; name = en; path = en.lproj/InfoPlist.strings; sourceTree = "<group>"; };
		01A9021B182A3CBE00D85971 /* main.m */ = {isa = PBXFileReference; lastKnownFileType = sourcecode.c.objc; path = main.m; sourceTree = "<group>"; };
		01A9021D182A3CBE00D85971 /* Airmote+-Prefix.pch */ = {isa = PBXFileReference; lastKnownFileType = sourcecode.c.h; path = "Airmote+-Prefix.pch"; sourceTree = "<group>"; };
		01A9021E182A3CBE00D85971 /* AppDelegate.h */ = {isa = PBXFileReference; lastKnownFileType = sourcecode.c.h; path = AppDelegate.h; sourceTree = "<group>"; };
		01A90227182A3CBE00D85971 /* Images.xcassets */ = {isa = PBXFileReference; lastKnownFileType = folder.assetcatalog; path = Images.xcassets; sourceTree = "<group>"; };
		01A9022D182A3CBF00D85971 /* Airmote+Tests.xctest */ = {isa = PBXFileReference; explicitFileType = wrapper.cfbundle; includeInIndex = 0; path = "Airmote+Tests.xctest"; sourceTree = BUILT_PRODUCTS_DIR; };
		01A90236182A3CBF00D85971 /* Airmote+Tests-Info.plist */ = {isa = PBXFileReference; lastKnownFileType = text.plist.xml; path = "Airmote+Tests-Info.plist"; sourceTree = "<group>"; };
		01A90238182A3CBF00D85971 /* en */ = {isa = PBXFileReference; lastKnownFileType = text.plist.strings; name = en; path = en.lproj/InfoPlist.strings; sourceTree = "<group>"; };
		01A9023A182A3CBF00D85971 /* Airmote_Tests.m */ = {isa = PBXFileReference; lastKnownFileType = sourcecode.c.objc; path = Airmote_Tests.m; sourceTree = "<group>"; };
		01A90607182A49A100D85971 /* AppDelegate.m */ = {isa = PBXFileReference; fileEncoding = 4; lastKnownFileType = sourcecode.c.objc; path = AppDelegate.m; sourceTree = "<group>"; };
		01F415601871DA4300029AFE /* Settings.bundle */ = {isa = PBXFileReference; lastKnownFileType = "wrapper.plug-in"; path = Settings.bundle; sourceTree = "<group>"; };
		4776BA18CF18092B62E2AA53 /* Pods.release.xcconfig */ = {isa = PBXFileReference; includeInIndex = 1; lastKnownFileType = text.xcconfig; name = Pods.release.xcconfig; path = "Pods/Target Support Files/Pods/Pods.release.xcconfig"; sourceTree = "<group>"; };
		B16347417AEC44FE911F15C2 /* libPods.a */ = {isa = PBXFileReference; explicitFileType = archive.ar; includeInIndex = 0; path = libPods.a; sourceTree = BUILT_PRODUCTS_DIR; };
		B42B60C31ABC2A0900C9C4F9 /* InAiR Remote.app */ = {isa = PBXFileReference; explicitFileType = wrapper.application; includeInIndex = 0; path = "InAiR Remote.app"; sourceTree = BUILT_PRODUCTS_DIR; };
		B42B60C41ABC2A0A00C9C4F9 /* Airmote-Info.plist */ = {isa = PBXFileReference; lastKnownFileType = text.plist.xml; name = "Airmote-Info.plist"; path = "/Users/tuancao/SourceCode/inair/input/iosairmote/Airmote-Info.plist"; sourceTree = "<absolute>"; };
		B43A5FCB1A675DB300105F55 /* NSString+IPAddress.h */ = {isa = PBXFileReference; fileEncoding = 4; lastKnownFileType = sourcecode.c.h; path = "NSString+IPAddress.h"; sourceTree = "<group>"; };
		B43A5FCC1A675DB300105F55 /* NSString+IPAddress.m */ = {isa = PBXFileReference; fileEncoding = 4; lastKnownFileType = sourcecode.c.objc; path = "NSString+IPAddress.m"; sourceTree = "<group>"; };
		B46889A719AEE5ED0043A8A9 /* ConnectedConfirmationViewController.h */ = {isa = PBXFileReference; fileEncoding = 4; lastKnownFileType = sourcecode.c.h; path = ConnectedConfirmationViewController.h; sourceTree = "<group>"; };
		B46889A819AEE5ED0043A8A9 /* ConnectedConfirmationViewController.m */ = {isa = PBXFileReference; fileEncoding = 4; lastKnownFileType = sourcecode.c.objc; path = ConnectedConfirmationViewController.m; sourceTree = "<group>"; };
		B46889A919AEE5ED0043A8A9 /* ConnectedConfirmationViewController.xib */ = {isa = PBXFileReference; fileEncoding = 4; lastKnownFileType = file.xib; path = ConnectedConfirmationViewController.xib; sourceTree = "<group>"; };
		B4B87A8019A20A5400E2BDD0 /* libz.dylib */ = {isa = PBXFileReference; lastKnownFileType = "compiled.mach-o.dylib"; name = libz.dylib; path = usr/lib/libz.dylib; sourceTree = SDKROOT; };
		B4BBD95019A3661500156A92 /* InstructionViewController.h */ = {isa = PBXFileReference; fileEncoding = 4; lastKnownFileType = sourcecode.c.h; path = InstructionViewController.h; sourceTree = "<group>"; };
		B4BBD95119A3661500156A92 /* InstructionViewController.m */ = {isa = PBXFileReference; fileEncoding = 4; lastKnownFileType = sourcecode.c.objc; path = InstructionViewController.m; sourceTree = "<group>"; };
		B4BBD95219A3661500156A92 /* InstructionViewController.xib */ = {isa = PBXFileReference; fileEncoding = 4; lastKnownFileType = file.xib; path = InstructionViewController.xib; sourceTree = "<group>"; };
		B4E715A01AA950A900AAE5FF /* Crashlytics.framework */ = {isa = PBXFileReference; lastKnownFileType = wrapper.framework; path = Crashlytics.framework; sourceTree = "<group>"; };
		B4E715A11AA950A900AAE5FF /* Fabric.framework */ = {isa = PBXFileReference; lastKnownFileType = wrapper.framework; path = Fabric.framework; sourceTree = "<group>"; };
		B4F9933419A487EA006FC9C2 /* WiFiListViewController.h */ = {isa = PBXFileReference; fileEncoding = 4; lastKnownFileType = sourcecode.c.h; path = WiFiListViewController.h; sourceTree = "<group>"; };
		B4F9933519A487EA006FC9C2 /* WiFiListViewController.m */ = {isa = PBXFileReference; fileEncoding = 4; lastKnownFileType = sourcecode.c.objc; path = WiFiListViewController.m; sourceTree = "<group>"; };
		B4F9933619A487EA006FC9C2 /* WiFiListViewController.xib */ = {isa = PBXFileReference; fileEncoding = 4; lastKnownFileType = file.xib; path = WiFiListViewController.xib; sourceTree = "<group>"; };
		B4F9933919A497F1006FC9C2 /* WifiCell.h */ = {isa = PBXFileReference; fileEncoding = 4; lastKnownFileType = sourcecode.c.h; path = WifiCell.h; sourceTree = "<group>"; };
		B4F9933A19A497F1006FC9C2 /* WifiCell.m */ = {isa = PBXFileReference; fileEncoding = 4; lastKnownFileType = sourcecode.c.objc; path = WifiCell.m; sourceTree = "<group>"; };
		B4F9933C19A498C2006FC9C2 /* WifiCell.xib */ = {isa = PBXFileReference; fileEncoding = 4; lastKnownFileType = file.xib; path = WifiCell.xib; sourceTree = "<group>"; };
		B4F9933E19A4DE77006FC9C2 /* VerifyInAiRViewController.h */ = {isa = PBXFileReference; fileEncoding = 4; lastKnownFileType = sourcecode.c.h; path = VerifyInAiRViewController.h; sourceTree = "<group>"; };
		B4F9933F19A4DE77006FC9C2 /* VerifyInAiRViewController.m */ = {isa = PBXFileReference; fileEncoding = 4; lastKnownFileType = sourcecode.c.objc; path = VerifyInAiRViewController.m; sourceTree = "<group>"; };
		B4F9934019A4DE77006FC9C2 /* VerifyInAiRViewController.xib */ = {isa = PBXFileReference; fileEncoding = 4; lastKnownFileType = file.xib; path = VerifyInAiRViewController.xib; sourceTree = "<group>"; };
		B4F9934319A4E097006FC9C2 /* ChangeNameViewController.h */ = {isa = PBXFileReference; fileEncoding = 4; lastKnownFileType = sourcecode.c.h; path = ChangeNameViewController.h; sourceTree = "<group>"; };
		B4F9934419A4E097006FC9C2 /* ChangeNameViewController.m */ = {isa = PBXFileReference; fileEncoding = 4; lastKnownFileType = sourcecode.c.objc; path = ChangeNameViewController.m; sourceTree = "<group>"; };
		B4F9934519A4E097006FC9C2 /* ChangeNameViewController.xib */ = {isa = PBXFileReference; fileEncoding = 4; lastKnownFileType = file.xib; path = ChangeNameViewController.xib; sourceTree = "<group>"; };
		B4F9934819A4E925006FC9C2 /* EnterPasswordViewController.h */ = {isa = PBXFileReference; fileEncoding = 4; lastKnownFileType = sourcecode.c.h; path = EnterPasswordViewController.h; sourceTree = "<group>"; };
		B4F9934919A4E925006FC9C2 /* EnterPasswordViewController.m */ = {isa = PBXFileReference; fileEncoding = 4; lastKnownFileType = sourcecode.c.objc; path = EnterPasswordViewController.m; sourceTree = "<group>"; };
		B4F9934A19A4E925006FC9C2 /* EnterPasswordViewController.xib */ = {isa = PBXFileReference; fileEncoding = 4; lastKnownFileType = file.xib; path = EnterPasswordViewController.xib; sourceTree = "<group>"; };
		C07A4042D59C4B3B2DA2B2CC /* JDStatusBarNotification+Extension.m */ = {isa = PBXFileReference; fileEncoding = 4; lastKnownFileType = sourcecode.c.objc; path = "JDStatusBarNotification+Extension.m"; sourceTree = "<group>"; };
		C07A406170D4DAC7423CA365 /* inair.js */ = {isa = PBXFileReference; fileEncoding = 4; lastKnownFileType = sourcecode.javascript; path = inair.js; sourceTree = "<group>"; };
		C07A416AFB17799A72EDF754 /* WifiSetupController.h */ = {isa = PBXFileReference; fileEncoding = 4; lastKnownFileType = sourcecode.c.h; path = WifiSetupController.h; sourceTree = "<group>"; };
		C07A49C90AB18BB29F036484 /* JDStatusBarNotification+Extension.h */ = {isa = PBXFileReference; fileEncoding = 4; lastKnownFileType = sourcecode.c.h; path = "JDStatusBarNotification+Extension.h"; sourceTree = "<group>"; };
		C07A4B1D324CC7741CD1956B /* WifiSetupController.m */ = {isa = PBXFileReference; fileEncoding = 4; lastKnownFileType = sourcecode.c.objc; path = WifiSetupController.m; sourceTree = "<group>"; };
		C584404E51B140564D994D4F /* NSData+NetService.h */ = {isa = PBXFileReference; fileEncoding = 4; lastKnownFileType = sourcecode.c.h; path = "NSData+NetService.h"; sourceTree = "<group>"; };
		C5844072E0B87BC74BC615E0 /* IAConnection.m */ = {isa = PBXFileReference; fileEncoding = 4; lastKnownFileType = sourcecode.c.objc; path = IAConnection.m; sourceTree = "<group>"; };
		C584418E08FB8FB0F1DDF896 /* Event+Extension.m */ = {isa = PBXFileReference; fileEncoding = 4; lastKnownFileType = sourcecode.c.objc; path = "Event+Extension.m"; sourceTree = "<group>"; };
		C58441D73782F3A380E60FCC /* WifiNetwork+Extension.h */ = {isa = PBXFileReference; fileEncoding = 4; lastKnownFileType = sourcecode.c.h; path = "WifiNetwork+Extension.h"; sourceTree = "<group>"; };
		C584421B3AFAC90EE9EFDA78 /* TrackPadViewController.xib */ = {isa = PBXFileReference; lastKnownFileType = file.xib; path = TrackPadViewController.xib; sourceTree = "<group>"; };
		C584428433A94E0EC31817FB /* ProtoHelper.h */ = {isa = PBXFileReference; fileEncoding = 4; lastKnownFileType = sourcecode.c.h; path = ProtoHelper.h; sourceTree = "<group>"; };
		C58442F85EC1ECBA64716687 /* EventCenter.m */ = {isa = PBXFileReference; fileEncoding = 4; lastKnownFileType = sourcecode.c.objc; path = EventCenter.m; sourceTree = "<group>"; };
		C584435BDD4471829B24E14F /* TrackPadViewController.h */ = {isa = PBXFileReference; fileEncoding = 4; lastKnownFileType = sourcecode.c.h; path = TrackPadViewController.h; sourceTree = "<group>"; };
		C58446B8812F646BE82E52DB /* ProtoHelper.m */ = {isa = PBXFileReference; fileEncoding = 4; lastKnownFileType = sourcecode.c.objc; path = ProtoHelper.m; sourceTree = "<group>"; };
		C584485FF4326A8E9B08B3A4 /* WebViewController.m */ = {isa = PBXFileReference; fileEncoding = 4; lastKnownFileType = sourcecode.c.objc; path = WebViewController.m; sourceTree = "<group>"; };
		C58448D55F9A1DC3853DD753 /* WifiNetwork+Extension.m */ = {isa = PBXFileReference; fileEncoding = 4; lastKnownFileType = sourcecode.c.objc; path = "WifiNetwork+Extension.m"; sourceTree = "<group>"; };
		C58448D5F1B330194444A5F2 /* Event+Extension.h */ = {isa = PBXFileReference; fileEncoding = 4; lastKnownFileType = sourcecode.c.h; path = "Event+Extension.h"; sourceTree = "<group>"; };
		C58449999B7324E698D6643F /* Proto.pb.m */ = {isa = PBXFileReference; fileEncoding = 4; lastKnownFileType = sourcecode.c.objc; path = Proto.pb.m; sourceTree = "<group>"; };
		C58449D8A0EA2DEB85384596 /* DDURLParser.m */ = {isa = PBXFileReference; fileEncoding = 4; lastKnownFileType = sourcecode.c.objc; path = DDURLParser.m; sourceTree = "<group>"; };
		C58449F556AFB3C52D6C7D28 /* TrackPadView.m */ = {isa = PBXFileReference; fileEncoding = 4; lastKnownFileType = sourcecode.c.objc; path = TrackPadView.m; sourceTree = "<group>"; };
		C5844A3ABF93BE55E57B1EB8 /* NSData+NetService.m */ = {isa = PBXFileReference; fileEncoding = 4; lastKnownFileType = sourcecode.c.objc; path = "NSData+NetService.m"; sourceTree = "<group>"; };
		C5844AEC7D865AC3656EC804 /* WifiHelper.m */ = {isa = PBXFileReference; fileEncoding = 4; lastKnownFileType = sourcecode.c.objc; path = WifiHelper.m; sourceTree = "<group>"; };
		C5844B5A6992EB2805626C54 /* Proto.pb.h */ = {isa = PBXFileReference; fileEncoding = 4; lastKnownFileType = sourcecode.c.h; path = Proto.pb.h; sourceTree = "<group>"; };
		C5844B7432A538FEF82462D1 /* TrackPadView.h */ = {isa = PBXFileReference; fileEncoding = 4; lastKnownFileType = sourcecode.c.h; path = TrackPadView.h; sourceTree = "<group>"; };
		C5844C3C3E765B9D9015EA81 /* WifiHelper.h */ = {isa = PBXFileReference; fileEncoding = 4; lastKnownFileType = sourcecode.c.h; path = WifiHelper.h; sourceTree = "<group>"; };
		C5844D3A171D285B6A5A09D2 /* EventCenter.h */ = {isa = PBXFileReference; fileEncoding = 4; lastKnownFileType = sourcecode.c.h; path = EventCenter.h; sourceTree = "<group>"; };
		C5844E141C3A2830491C7A78 /* IAConnection.h */ = {isa = PBXFileReference; fileEncoding = 4; lastKnownFileType = sourcecode.c.h; path = IAConnection.h; sourceTree = "<group>"; };
		C5844E2561A6F310A6AB2A6E /* WebViewController.h */ = {isa = PBXFileReference; fileEncoding = 4; lastKnownFileType = sourcecode.c.h; path = WebViewController.h; sourceTree = "<group>"; };
		C5844EA208CDA6A382AB9A98 /* AppDefines.h */ = {isa = PBXFileReference; fileEncoding = 4; lastKnownFileType = sourcecode.c.h; path = AppDefines.h; sourceTree = "<group>"; };
		C5844ED89441B78E5ED9D931 /* TrackPadViewController.m */ = {isa = PBXFileReference; fileEncoding = 4; lastKnownFileType = sourcecode.c.objc; path = TrackPadViewController.m; sourceTree = "<group>"; };
		C5844F7CC173DFDDC8EF66C6 /* DDURLParser.h */ = {isa = PBXFileReference; fileEncoding = 4; lastKnownFileType = sourcecode.c.h; path = DDURLParser.h; sourceTree = "<group>"; };
		E53AF0483658C1F08E0E9F85 /* Pods.debug.xcconfig */ = {isa = PBXFileReference; includeInIndex = 1; lastKnownFileType = text.xcconfig; name = Pods.debug.xcconfig; path = "Pods/Target Support Files/Pods/Pods.debug.xcconfig"; sourceTree = "<group>"; };
/* End PBXFileReference section */

/* Begin PBXFrameworksBuildPhase section */
		01A9022A182A3CBF00D85971 /* Frameworks */ = {
			isa = PBXFrameworksBuildPhase;
			buildActionMask = 2147483647;
			files = (
				01A90231182A3CBF00D85971 /* UIKit.framework in Frameworks */,
				01A90230182A3CBF00D85971 /* Foundation.framework in Frameworks */,
			);
			runOnlyForDeploymentPostprocessing = 0;
		};
		B42B60A41ABC2A0900C9C4F9 /* Frameworks */ = {
			isa = PBXFrameworksBuildPhase;
			buildActionMask = 2147483647;
			files = (
				B42B60A51ABC2A0900C9C4F9 /* libz.dylib in Frameworks */,
				B42B60A61ABC2A0900C9C4F9 /* Security.framework in Frameworks */,
				B42B60A71ABC2A0900C9C4F9 /* Crashlytics.framework in Frameworks */,
				B42B60A81ABC2A0900C9C4F9 /* CFNetwork.framework in Frameworks */,
				B42B60A91ABC2A0900C9C4F9 /* CoreGraphics.framework in Frameworks */,
				B42B60AA1ABC2A0900C9C4F9 /* Fabric.framework in Frameworks */,
				B42B60AB1ABC2A0900C9C4F9 /* UIKit.framework in Frameworks */,
				B42B60AC1ABC2A0900C9C4F9 /* Foundation.framework in Frameworks */,
				B42B60AD1ABC2A0900C9C4F9 /* libPods.a in Frameworks */,
			);
			runOnlyForDeploymentPostprocessing = 0;
		};
/* End PBXFrameworksBuildPhase section */

/* Begin PBXGroup section */
		01A2464618373565004B45FB /* Resources */ = {
			isa = PBXGroup;
			children = (
			);
			name = Resources;
			sourceTree = "<group>";
		};
		01A90203182A3CBE00D85971 = {
			isa = PBXGroup;
			children = (
				01A90215182A3CBE00D85971 /* Airmote+ */,
				01A90234182A3CBF00D85971 /* Airmote+Tests */,
				01A9020E182A3CBE00D85971 /* Frameworks */,
				01A9020D182A3CBE00D85971 /* Products */,
				19F041656A298F21DD2C48A1 /* Pods */,
			);
			sourceTree = "<group>";
		};
		01A9020D182A3CBE00D85971 /* Products */ = {
			isa = PBXGroup;
			children = (
				01A9022D182A3CBF00D85971 /* Airmote+Tests.xctest */,
				B42B60C31ABC2A0900C9C4F9 /* InAiR Remote.app */,
			);
			name = Products;
			sourceTree = "<group>";
		};
		01A9020E182A3CBE00D85971 /* Frameworks */ = {
			isa = PBXGroup;
			children = (
				B4E715A01AA950A900AAE5FF /* Crashlytics.framework */,
				B4E715A11AA950A900AAE5FF /* Fabric.framework */,
				B4B87A8019A20A5400E2BDD0 /* libz.dylib */,
				013F0580186983AC0029A23E /* Security.framework */,
				013F057E186983A50029A23E /* CFNetwork.framework */,
				01A9020F182A3CBE00D85971 /* Foundation.framework */,
				01A90211182A3CBE00D85971 /* CoreGraphics.framework */,
				01A90213182A3CBE00D85971 /* UIKit.framework */,
				B16347417AEC44FE911F15C2 /* libPods.a */,
			);
			name = Frameworks;
			sourceTree = "<group>";
		};
		01A90215182A3CBE00D85971 /* Airmote+ */ = {
			isa = PBXGroup;
			children = (
				01A9021E182A3CBE00D85971 /* AppDelegate.h */,
				01A90607182A49A100D85971 /* AppDelegate.m */,
				01A90216182A3CBE00D85971 /* Supporting Files */,
				01A2464618373565004B45FB /* Resources */,
				C58448E1ADE49C610D8758EA /* ViewControllers */,
				C5844155D2C1820D6F594B0B /* Categories */,
				C5844F6ADDED29C7F925909D /* Data */,
				C5844DF4E48C812A124BD5B5 /* View */,
				C5844331283D679720E4F533 /* Helpers */,
				C5844B139560E82998715985 /* Proto */,
				C5844EA208CDA6A382AB9A98 /* AppDefines.h */,
			);
			path = "Airmote+";
			sourceTree = "<group>";
		};
		01A90216182A3CBE00D85971 /* Supporting Files */ = {
			isa = PBXGroup;
			children = (
				B42B60C41ABC2A0A00C9C4F9 /* Airmote-Info.plist */,
				01F415601871DA4300029AFE /* Settings.bundle */,
				010887CC182CCE6E008BDD22 /* Podfile */,
				01A90227182A3CBE00D85971 /* Images.xcassets */,
				01A90218182A3CBE00D85971 /* InfoPlist.strings */,
				01A9021B182A3CBE00D85971 /* main.m */,
				01A9021D182A3CBE00D85971 /* Airmote+-Prefix.pch */,
				C07A406170D4DAC7423CA365 /* inair.js */,
			);
			name = "Supporting Files";
			sourceTree = "<group>";
		};
		01A90234182A3CBF00D85971 /* Airmote+Tests */ = {
			isa = PBXGroup;
			children = (
				01A9023A182A3CBF00D85971 /* Airmote_Tests.m */,
				01A90235182A3CBF00D85971 /* Supporting Files */,
			);
			path = "Airmote+Tests";
			sourceTree = "<group>";
		};
		01A90235182A3CBF00D85971 /* Supporting Files */ = {
			isa = PBXGroup;
			children = (
				01A90236182A3CBF00D85971 /* Airmote+Tests-Info.plist */,
				01A90237182A3CBF00D85971 /* InfoPlist.strings */,
			);
			name = "Supporting Files";
			sourceTree = "<group>";
		};
		19F041656A298F21DD2C48A1 /* Pods */ = {
			isa = PBXGroup;
			children = (
				E53AF0483658C1F08E0E9F85 /* Pods.debug.xcconfig */,
				4776BA18CF18092B62E2AA53 /* Pods.release.xcconfig */,
			);
			name = Pods;
			sourceTree = "<group>";
		};
		C07A4196E59D5C7358F7EBF5 /* NewWifi */ = {
			isa = PBXGroup;
			children = (
				C07A4B1D324CC7741CD1956B /* WifiSetupController.m */,
				C07A416AFB17799A72EDF754 /* WifiSetupController.h */,
				0124BFD21A8D82EC006EB73A /* WSInstructionController.h */,
				0124BFD31A8D82EC006EB73A /* WSInstructionController.m */,
				0124BFD41A8D82EC006EB73A /* WSInstructionController.xib */,
				01300D2D1A8EAE7800C92E71 /* WSNetworksController.h */,
				01300D2E1A8EAE7800C92E71 /* WSNetworksController.m */,
				01300D2F1A8EAE7800C92E71 /* WSNetworksController.xib */,
				01300D341A8F184200C92E71 /* WSEnterPasswordController.h */,
				01300D351A8F184200C92E71 /* WSEnterPasswordController.m */,
			);
			path = NewWifi;
			sourceTree = "<group>";
		};
		C5844155D2C1820D6F594B0B /* Categories */ = {
			isa = PBXGroup;
			children = (
				C584418E08FB8FB0F1DDF896 /* Event+Extension.m */,
				C58448D5F1B330194444A5F2 /* Event+Extension.h */,
				C5844A3ABF93BE55E57B1EB8 /* NSData+NetService.m */,
				C584404E51B140564D994D4F /* NSData+NetService.h */,
				C58448D55F9A1DC3853DD753 /* WifiNetwork+Extension.m */,
				C58441D73782F3A380E60FCC /* WifiNetwork+Extension.h */,
				C07A4042D59C4B3B2DA2B2CC /* JDStatusBarNotification+Extension.m */,
				C07A49C90AB18BB29F036484 /* JDStatusBarNotification+Extension.h */,
			);
			path = Categories;
			sourceTree = "<group>";
		};
		C5844331283D679720E4F533 /* Helpers */ = {
			isa = PBXGroup;
			children = (
				C5844F7CC173DFDDC8EF66C6 /* DDURLParser.h */,
				C58449D8A0EA2DEB85384596 /* DDURLParser.m */,
				C5844AEC7D865AC3656EC804 /* WifiHelper.m */,
				C5844C3C3E765B9D9015EA81 /* WifiHelper.h */,
				B43A5FCB1A675DB300105F55 /* NSString+IPAddress.h */,
				B43A5FCC1A675DB300105F55 /* NSString+IPAddress.m */,
			);
			path = Helpers;
			sourceTree = "<group>";
		};
		C58448E1ADE49C610D8758EA /* ViewControllers */ = {
			isa = PBXGroup;
			children = (
				C5844ED89441B78E5ED9D931 /* TrackPadViewController.m */,
				C584435BDD4471829B24E14F /* TrackPadViewController.h */,
				C584421B3AFAC90EE9EFDA78 /* TrackPadViewController.xib */,
				C584485FF4326A8E9B08B3A4 /* WebViewController.m */,
				C5844E2561A6F310A6AB2A6E /* WebViewController.h */,
				C5844CAC08888A7C40594B7D /* Wifi */,
				C07A4196E59D5C7358F7EBF5 /* NewWifi */,
			);
			path = ViewControllers;
			sourceTree = "<group>";
		};
		C5844B139560E82998715985 /* Proto */ = {
			isa = PBXGroup;
			children = (
				C5844B5A6992EB2805626C54 /* Proto.pb.h */,
				C58446B8812F646BE82E52DB /* ProtoHelper.m */,
				C584428433A94E0EC31817FB /* ProtoHelper.h */,
				C58449999B7324E698D6643F /* Proto.pb.m */,
			);
			path = Proto;
			sourceTree = "<group>";
		};
		C5844CAC08888A7C40594B7D /* Wifi */ = {
			isa = PBXGroup;
			children = (
				B4BBD95019A3661500156A92 /* InstructionViewController.h */,
				B4BBD95119A3661500156A92 /* InstructionViewController.m */,
				B4BBD95219A3661500156A92 /* InstructionViewController.xib */,
				B4F9933E19A4DE77006FC9C2 /* VerifyInAiRViewController.h */,
				B4F9933F19A4DE77006FC9C2 /* VerifyInAiRViewController.m */,
				B4F9934019A4DE77006FC9C2 /* VerifyInAiRViewController.xib */,
				B4F9933419A487EA006FC9C2 /* WiFiListViewController.h */,
				B4F9933519A487EA006FC9C2 /* WiFiListViewController.m */,
				B4F9933619A487EA006FC9C2 /* WiFiListViewController.xib */,
				B4F9933919A497F1006FC9C2 /* WifiCell.h */,
				B4F9933A19A497F1006FC9C2 /* WifiCell.m */,
				B4F9933C19A498C2006FC9C2 /* WifiCell.xib */,
				B4F9934319A4E097006FC9C2 /* ChangeNameViewController.h */,
				B4F9934419A4E097006FC9C2 /* ChangeNameViewController.m */,
				B4F9934519A4E097006FC9C2 /* ChangeNameViewController.xib */,
				B4F9934819A4E925006FC9C2 /* EnterPasswordViewController.h */,
				B4F9934919A4E925006FC9C2 /* EnterPasswordViewController.m */,
				B4F9934A19A4E925006FC9C2 /* EnterPasswordViewController.xib */,
				B46889A719AEE5ED0043A8A9 /* ConnectedConfirmationViewController.h */,
				B46889A819AEE5ED0043A8A9 /* ConnectedConfirmationViewController.m */,
				B46889A919AEE5ED0043A8A9 /* ConnectedConfirmationViewController.xib */,
			);
			path = Wifi;
			sourceTree = "<group>";
		};
		C5844DF4E48C812A124BD5B5 /* View */ = {
			isa = PBXGroup;
			children = (
				C58449F556AFB3C52D6C7D28 /* TrackPadView.m */,
				C5844B7432A538FEF82462D1 /* TrackPadView.h */,
			);
			path = View;
			sourceTree = "<group>";
		};
		C5844F6ADDED29C7F925909D /* Data */ = {
			isa = PBXGroup;
			children = (
				C58442F85EC1ECBA64716687 /* EventCenter.m */,
				C5844D3A171D285B6A5A09D2 /* EventCenter.h */,
				C5844072E0B87BC74BC615E0 /* IAConnection.m */,
				C5844E141C3A2830491C7A78 /* IAConnection.h */,
			);
			path = Data;
			sourceTree = "<group>";
		};
/* End PBXGroup section */

/* Begin PBXNativeTarget section */
		01A9022C182A3CBF00D85971 /* Airmote+Tests */ = {
			isa = PBXNativeTarget;
			buildConfigurationList = 01A90241182A3CBF00D85971 /* Build configuration list for PBXNativeTarget "Airmote+Tests" */;
			buildPhases = (
				01A90229182A3CBF00D85971 /* Sources */,
				01A9022A182A3CBF00D85971 /* Frameworks */,
				01A9022B182A3CBF00D85971 /* Resources */,
			);
			buildRules = (
			);
			dependencies = (
			);
			name = "Airmote+Tests";
			productName = "Airmote+Tests";
			productReference = 01A9022D182A3CBF00D85971 /* Airmote+Tests.xctest */;
			productType = "com.apple.product-type.bundle.unit-test";
		};
		B42B60871ABC2A0900C9C4F9 /* Airmote */ = {
			isa = PBXNativeTarget;
			buildConfigurationList = B42B60C01ABC2A0900C9C4F9 /* Build configuration list for PBXNativeTarget "Airmote" */;
			buildPhases = (
				B42B60881ABC2A0900C9C4F9 /* Check Pods Manifest.lock */,
				B42B60891ABC2A0900C9C4F9 /* Sources */,
				B42B60A41ABC2A0900C9C4F9 /* Frameworks */,
				B42B60AE1ABC2A0900C9C4F9 /* Resources */,
				B42B60BE1ABC2A0900C9C4F9 /* Copy Pods Resources */,
				B42B60BF1ABC2A0900C9C4F9 /* ShellScript */,
			);
			buildRules = (
			);
			dependencies = (
			);
			name = Airmote;
			productName = "Airmote+";
			productReference = B42B60C31ABC2A0900C9C4F9 /* InAiR Remote.app */;
			productType = "com.apple.product-type.application";
		};
/* End PBXNativeTarget section */

/* Begin PBXProject section */
		01A90204182A3CBE00D85971 /* Project object */ = {
			isa = PBXProject;
			attributes = {
				LastUpgradeCheck = 0500;
				ORGANIZATIONNAME = "Long Nguyen";
				TargetAttributes = {
					01A9022C182A3CBF00D85971 = {
						TestTargetID = 01A9020B182A3CBE00D85971;
					};
				};
			};
			buildConfigurationList = 01A90207182A3CBE00D85971 /* Build configuration list for PBXProject "Airmote+" */;
			compatibilityVersion = "Xcode 3.2";
			developmentRegion = English;
			hasScannedForEncodings = 0;
			knownRegions = (
				en,
				Base,
			);
			mainGroup = 01A90203182A3CBE00D85971;
			productRefGroup = 01A9020D182A3CBE00D85971 /* Products */;
			projectDirPath = "";
			projectRoot = "";
			targets = (
				01A9022C182A3CBF00D85971 /* Airmote+Tests */,
				B42B60871ABC2A0900C9C4F9 /* Airmote */,
			);
		};
/* End PBXProject section */

/* Begin PBXResourcesBuildPhase section */
		01A9022B182A3CBF00D85971 /* Resources */ = {
			isa = PBXResourcesBuildPhase;
			buildActionMask = 2147483647;
			files = (
				01A90239182A3CBF00D85971 /* InfoPlist.strings in Resources */,
			);
			runOnlyForDeploymentPostprocessing = 0;
		};
		B42B60AE1ABC2A0900C9C4F9 /* Resources */ = {
			isa = PBXResourcesBuildPhase;
			buildActionMask = 2147483647;
			files = (
				B42B60AF1ABC2A0900C9C4F9 /* inair.js in Resources */,
				B42B60B01ABC2A0900C9C4F9 /* ChangeNameViewController.xib in Resources */,
				B42B60B11ABC2A0900C9C4F9 /* Settings.bundle in Resources */,
				B42B60B21ABC2A0900C9C4F9 /* WifiCell.xib in Resources */,
				B42B60B31ABC2A0900C9C4F9 /* WSInstructionController.xib in Resources */,
				B42B60B41ABC2A0900C9C4F9 /* Images.xcassets in Resources */,
				B42B60B51ABC2A0900C9C4F9 /* EnterPasswordViewController.xib in Resources */,
				B42B60B61ABC2A0900C9C4F9 /* Podfile in Resources */,
				B42B60B71ABC2A0900C9C4F9 /* InfoPlist.strings in Resources */,
				B42B60B81ABC2A0900C9C4F9 /* TrackPadViewController.xib in Resources */,
				B42B60B91ABC2A0900C9C4F9 /* VerifyInAiRViewController.xib in Resources */,
				B42B60BA1ABC2A0900C9C4F9 /* WiFiListViewController.xib in Resources */,
				B42B60BB1ABC2A0900C9C4F9 /* InstructionViewController.xib in Resources */,
				B42B60BC1ABC2A0900C9C4F9 /* WSNetworksController.xib in Resources */,
				B42B60BD1ABC2A0900C9C4F9 /* ConnectedConfirmationViewController.xib in Resources */,
			);
			runOnlyForDeploymentPostprocessing = 0;
		};
/* End PBXResourcesBuildPhase section */

/* Begin PBXShellScriptBuildPhase section */
		B42B60881ABC2A0900C9C4F9 /* Check Pods Manifest.lock */ = {
			isa = PBXShellScriptBuildPhase;
			buildActionMask = 2147483647;
			files = (
			);
			inputPaths = (
			);
			name = "Check Pods Manifest.lock";
			outputPaths = (
			);
			runOnlyForDeploymentPostprocessing = 0;
			shellPath = /bin/sh;
			shellScript = "diff \"${PODS_ROOT}/../Podfile.lock\" \"${PODS_ROOT}/Manifest.lock\" > /dev/null\nif [[ $? != 0 ]] ; then\n    cat << EOM\nerror: The sandbox is not in sync with the Podfile.lock. Run 'pod install' or update your CocoaPods installation.\nEOM\n    exit 1\nfi\n";
			showEnvVarsInLog = 0;
		};
		B42B60BE1ABC2A0900C9C4F9 /* Copy Pods Resources */ = {
			isa = PBXShellScriptBuildPhase;
			buildActionMask = 2147483647;
			files = (
			);
			inputPaths = (
			);
			name = "Copy Pods Resources";
			outputPaths = (
			);
			runOnlyForDeploymentPostprocessing = 0;
			shellPath = /bin/sh;
			shellScript = "\"${SRCROOT}/Pods/Target Support Files/Pods/Pods-resources.sh\"\n";
			showEnvVarsInLog = 0;
		};
		B42B60BF1ABC2A0900C9C4F9 /* ShellScript */ = {
			isa = PBXShellScriptBuildPhase;
			buildActionMask = 2147483647;
			files = (
			);
			inputPaths = (
			);
			outputPaths = (
			);
			runOnlyForDeploymentPostprocessing = 0;
			shellPath = /bin/sh;
			shellScript = "./Fabric.framework/run 63935f84266ab9f5bac9f6f09f05b6f0d72b7717 d515bf1a06363bb18d1896de12c0a9843e8cbd5afdc0702bb49baad1d29db6b0";
		};
/* End PBXShellScriptBuildPhase section */

/* Begin PBXSourcesBuildPhase section */
		01A90229182A3CBF00D85971 /* Sources */ = {
			isa = PBXSourcesBuildPhase;
			buildActionMask = 2147483647;
			files = (
				01A9023B182A3CBF00D85971 /* Airmote_Tests.m in Sources */,
			);
			runOnlyForDeploymentPostprocessing = 0;
		};
		B42B60891ABC2A0900C9C4F9 /* Sources */ = {
			isa = PBXSourcesBuildPhase;
			buildActionMask = 2147483647;
			files = (
				B42B608A1ABC2A0900C9C4F9 /* AppDelegate.m in Sources */,
				B42B608B1ABC2A0900C9C4F9 /* VerifyInAiRViewController.m in Sources */,
				B42B608C1ABC2A0900C9C4F9 /* WSNetworksController.m in Sources */,
				B42B608D1ABC2A0900C9C4F9 /* WiFiListViewController.m in Sources */,
				B42B608E1ABC2A0900C9C4F9 /* main.m in Sources */,
				B42B608F1ABC2A0900C9C4F9 /* ChangeNameViewController.m in Sources */,
				B42B60901ABC2A0900C9C4F9 /* WifiCell.m in Sources */,
				B42B60911ABC2A0900C9C4F9 /* EnterPasswordViewController.m in Sources */,
				B42B60921ABC2A0900C9C4F9 /* TrackPadViewController.m in Sources */,
				B42B60931ABC2A0900C9C4F9 /* WebViewController.m in Sources */,
				B42B60941ABC2A0900C9C4F9 /* InstructionViewController.m in Sources */,
				B42B60951ABC2A0900C9C4F9 /* Event+Extension.m in Sources */,
				B42B60961ABC2A0900C9C4F9 /* EventCenter.m in Sources */,
				B42B60971ABC2A0900C9C4F9 /* WSInstructionController.m in Sources */,
				B42B60981ABC2A0900C9C4F9 /* TrackPadView.m in Sources */,
				B42B60991ABC2A0900C9C4F9 /* WSEnterPasswordController.m in Sources */,
				B42B609A1ABC2A0900C9C4F9 /* NSData+NetService.m in Sources */,
				B42B609B1ABC2A0900C9C4F9 /* DDURLParser.m in Sources */,
				B42B609C1ABC2A0900C9C4F9 /* ProtoHelper.m in Sources */,
				B42B609D1ABC2A0900C9C4F9 /* Proto.pb.m in Sources */,
				B42B609E1ABC2A0900C9C4F9 /* WifiHelper.m in Sources */,
				B42B609F1ABC2A0900C9C4F9 /* ConnectedConfirmationViewController.m in Sources */,
				B42B60A01ABC2A0900C9C4F9 /* WifiNetwork+Extension.m in Sources */,
				B42B60A11ABC2A0900C9C4F9 /* IAConnection.m in Sources */,
				B42B60A21ABC2A0900C9C4F9 /* JDStatusBarNotification+Extension.m in Sources */,
				B42B60A31ABC2A0900C9C4F9 /* WifiSetupController.m in Sources */,
			);
			runOnlyForDeploymentPostprocessing = 0;
		};
/* End PBXSourcesBuildPhase section */

/* Begin PBXVariantGroup section */
		01A90218182A3CBE00D85971 /* InfoPlist.strings */ = {
			isa = PBXVariantGroup;
			children = (
				01A90219182A3CBE00D85971 /* en */,
			);
			name = InfoPlist.strings;
			sourceTree = "<group>";
		};
		01A90237182A3CBF00D85971 /* InfoPlist.strings */ = {
			isa = PBXVariantGroup;
			children = (
				01A90238182A3CBF00D85971 /* en */,
			);
			name = InfoPlist.strings;
			sourceTree = "<group>";
		};
/* End PBXVariantGroup section */

/* Begin XCBuildConfiguration section */
		01A9023C182A3CBF00D85971 /* Debug */ = {
			isa = XCBuildConfiguration;
			buildSettings = {
				ALWAYS_SEARCH_USER_PATHS = NO;
				ARCHS = (
					armv7,
					arm64,
				);
				CLANG_CXX_LANGUAGE_STANDARD = "gnu++0x";
				CLANG_CXX_LIBRARY = "libc++";
				CLANG_ENABLE_MODULES = YES;
				CLANG_ENABLE_OBJC_ARC = YES;
				CLANG_WARN_BOOL_CONVERSION = YES;
				CLANG_WARN_CONSTANT_CONVERSION = YES;
				CLANG_WARN_DIRECT_OBJC_ISA_USAGE = YES_ERROR;
				CLANG_WARN_EMPTY_BODY = YES;
				CLANG_WARN_ENUM_CONVERSION = YES;
				CLANG_WARN_INT_CONVERSION = YES;
				CLANG_WARN_OBJC_ROOT_CLASS = YES_ERROR;
				CLANG_WARN__DUPLICATE_METHOD_MATCH = YES;
				CODE_SIGN_IDENTITY = "iPhone Developer";
				"CODE_SIGN_IDENTITY[sdk=iphoneos*]" = "iPhone Developer";
				COPY_PHASE_STRIP = NO;
				GCC_C_LANGUAGE_STANDARD = gnu99;
				GCC_DYNAMIC_NO_PIC = NO;
				GCC_OPTIMIZATION_LEVEL = 0;
				GCC_PREPROCESSOR_DEFINITIONS = (
					"DEBUG=1",
					"$(inherited)",
				);
				GCC_SYMBOLS_PRIVATE_EXTERN = NO;
				GCC_WARN_64_TO_32_BIT_CONVERSION = YES;
				GCC_WARN_ABOUT_RETURN_TYPE = YES_ERROR;
				GCC_WARN_UNDECLARED_SELECTOR = YES;
				GCC_WARN_UNINITIALIZED_AUTOS = YES;
				GCC_WARN_UNUSED_FUNCTION = YES;
				GCC_WARN_UNUSED_VARIABLE = YES;
				IPHONEOS_DEPLOYMENT_TARGET = 7.0;
				ONLY_ACTIVE_ARCH = YES;
				PROVISIONING_PROFILE = "397c7a41-4e42-4f0d-ae85-617c899d0a4c";
				SDKROOT = iphoneos;
			};
			name = Debug;
		};
		01A9023D182A3CBF00D85971 /* Release */ = {
			isa = XCBuildConfiguration;
			buildSettings = {
				ALWAYS_SEARCH_USER_PATHS = NO;
				ARCHS = (
					armv7,
					arm64,
				);
				CLANG_CXX_LANGUAGE_STANDARD = "gnu++0x";
				CLANG_CXX_LIBRARY = "libc++";
				CLANG_ENABLE_MODULES = YES;
				CLANG_ENABLE_OBJC_ARC = YES;
				CLANG_WARN_BOOL_CONVERSION = YES;
				CLANG_WARN_CONSTANT_CONVERSION = YES;
				CLANG_WARN_DIRECT_OBJC_ISA_USAGE = YES_ERROR;
				CLANG_WARN_EMPTY_BODY = YES;
				CLANG_WARN_ENUM_CONVERSION = YES;
				CLANG_WARN_INT_CONVERSION = YES;
				CLANG_WARN_OBJC_ROOT_CLASS = YES_ERROR;
				CLANG_WARN__DUPLICATE_METHOD_MATCH = YES;
				CODE_SIGN_IDENTITY = "iPhone Distribution: Seespace ltd";
				"CODE_SIGN_IDENTITY[sdk=iphoneos*]" = "iPhone Distribution: Seespace ltd";
				COPY_PHASE_STRIP = YES;
				ENABLE_NS_ASSERTIONS = NO;
				GCC_C_LANGUAGE_STANDARD = gnu99;
				GCC_WARN_64_TO_32_BIT_CONVERSION = YES;
				GCC_WARN_ABOUT_RETURN_TYPE = YES_ERROR;
				GCC_WARN_UNDECLARED_SELECTOR = YES;
				GCC_WARN_UNINITIALIZED_AUTOS = YES;
				GCC_WARN_UNUSED_FUNCTION = YES;
				GCC_WARN_UNUSED_VARIABLE = YES;
				IPHONEOS_DEPLOYMENT_TARGET = 7.0;
				PROVISIONING_PROFILE = "397c7a41-4e42-4f0d-ae85-617c899d0a4c";
				SDKROOT = iphoneos;
				VALIDATE_PRODUCT = YES;
			};
			name = Release;
		};
		01A90242182A3CBF00D85971 /* Debug */ = {
			isa = XCBuildConfiguration;
			buildSettings = {
				ARCHS = "$(ARCHS_STANDARD_INCLUDING_64_BIT)";
				BUNDLE_LOADER = "$(BUILT_PRODUCTS_DIR)/Airmote+.app/Airmote+";
				FRAMEWORK_SEARCH_PATHS = (
					"$(SDKROOT)/Developer/Library/Frameworks",
					"$(inherited)",
					"$(DEVELOPER_FRAMEWORKS_DIR)",
				);
				GCC_PRECOMPILE_PREFIX_HEADER = YES;
				GCC_PREFIX_HEADER = "Airmote+/Airmote+-Prefix.pch";
				GCC_PREPROCESSOR_DEFINITIONS = (
					"DEBUG=1",
					"$(inherited)",
				);
				INFOPLIST_FILE = "Airmote+Tests/Airmote+Tests-Info.plist";
				PRODUCT_NAME = "$(TARGET_NAME)";
				TEST_HOST = "$(BUNDLE_LOADER)";
				WRAPPER_EXTENSION = xctest;
			};
			name = Debug;
		};
		01A90243182A3CBF00D85971 /* Release */ = {
			isa = XCBuildConfiguration;
			buildSettings = {
				ARCHS = "$(ARCHS_STANDARD_INCLUDING_64_BIT)";
				BUNDLE_LOADER = "$(BUILT_PRODUCTS_DIR)/Airmote+.app/Airmote+";
				FRAMEWORK_SEARCH_PATHS = (
					"$(SDKROOT)/Developer/Library/Frameworks",
					"$(inherited)",
					"$(DEVELOPER_FRAMEWORKS_DIR)",
				);
				GCC_PRECOMPILE_PREFIX_HEADER = YES;
				GCC_PREFIX_HEADER = "Airmote+/Airmote+-Prefix.pch";
				INFOPLIST_FILE = "Airmote+Tests/Airmote+Tests-Info.plist";
				PRODUCT_NAME = "$(TARGET_NAME)";
				TEST_HOST = "$(BUNDLE_LOADER)";
				WRAPPER_EXTENSION = xctest;
			};
			name = Release;
		};
		B42B60C11ABC2A0900C9C4F9 /* Debug */ = {
			isa = XCBuildConfiguration;
			baseConfigurationReference = E53AF0483658C1F08E0E9F85 /* Pods.debug.xcconfig */;
			buildSettings = {
				ALWAYS_SEARCH_USER_PATHS = YES;
				ARCHS = "$(ARCHS_STANDARD)";
				ASSETCATALOG_COMPILER_APPICON_NAME = AppIcon;
				ASSETCATALOG_COMPILER_LAUNCHIMAGE_NAME = LaunchImage;
				CODE_SIGN_IDENTITY = "iPhone Developer";
				"CODE_SIGN_IDENTITY[sdk=*]" = "iPhone Developer";
				"CODE_SIGN_IDENTITY[sdk=iphoneos*]" = "iPhone Developer";
				FRAMEWORK_SEARCH_PATHS = (
					"$(inherited)",
					"$(USER_LIBRARY_DIR)/Developer/Xcode/DerivedData/Airmote+-bnterijyewazbxeoxmsfsvinvpuz/Build/Products",
					"$(USER_LIBRARY_DIR)/Developer/Xcode/DerivedData/Airmote+-bnterijyewazbxeoxmsfsvinvpuz/Build/Products",
					"$(PROJECT_DIR)",
				);
				GCC_PRECOMPILE_PREFIX_HEADER = YES;
				GCC_PREFIX_HEADER = "Airmote+/Airmote+-Prefix.pch";
				HEADER_SEARCH_PATHS = (
					"\"${PODS_ROOT}/Headers\"",
					"\"${PODS_ROOT}/Headers/CocoaAsyncSocket\"",
					"\"${PODS_ROOT}/Headers/PBWebViewController\"",
					"$(SRCROOT)",
				);
				INFOPLIST_FILE = "Airmote-Info.plist";
				IPHONEOS_DEPLOYMENT_TARGET = 7.0;
				LIBRARY_SEARCH_PATHS = (
					"$(inherited)",
					"$(USER_LIBRARY_DIR)/Developer/Xcode/DerivedData/Airmote+-bnterijyewazbxeoxmsfsvinvpuz/Build/Products/Debug-iphoneos",
				);
				PRODUCT_NAME = "InAiR Remote";
				PROVISIONING_PROFILE = "397c7a41-4e42-4f0d-ae85-617c899d0a4c";
				SDKROOT = iphoneos;
				USER_HEADER_SEARCH_PATHS = "\"${PROJECT_DIR}/Pods\"/**";
				WRAPPER_EXTENSION = app;
			};
			name = Debug;
		};
		B42B60C21ABC2A0900C9C4F9 /* Release */ = {
			isa = XCBuildConfiguration;
			baseConfigurationReference = 4776BA18CF18092B62E2AA53 /* Pods.release.xcconfig */;
			buildSettings = {
				ALWAYS_SEARCH_USER_PATHS = YES;
				ARCHS = "$(ARCHS_STANDARD)";
				ASSETCATALOG_COMPILER_APPICON_NAME = AppIcon;
				ASSETCATALOG_COMPILER_LAUNCHIMAGE_NAME = LaunchImage;
				CODE_SIGN_IDENTITY = "iPhone Distribution: Seespace ltd";
				"CODE_SIGN_IDENTITY[sdk=iphoneos*]" = "iPhone Distribution: Seespace ltd";
				FRAMEWORK_SEARCH_PATHS = (
					"$(inherited)",
					"$(USER_LIBRARY_DIR)/Developer/Xcode/DerivedData/Airmote+-bnterijyewazbxeoxmsfsvinvpuz/Build/Products",
					"$(USER_LIBRARY_DIR)/Developer/Xcode/DerivedData/Airmote+-bnterijyewazbxeoxmsfsvinvpuz/Build/Products",
					"$(PROJECT_DIR)",
				);
				GCC_PRECOMPILE_PREFIX_HEADER = YES;
				GCC_PREFIX_HEADER = "Airmote+/Airmote+-Prefix.pch";
				HEADER_SEARCH_PATHS = (
					"\"${PODS_ROOT}/Headers\"",
					"\"${PODS_ROOT}/Headers/CocoaAsyncSocket\"",
					"\"${PODS_ROOT}/Headers/PBWebViewController\"",
					"$(SRCROOT)",
				);
				INFOPLIST_FILE = "Airmote-Info.plist";
				IPHONEOS_DEPLOYMENT_TARGET = 7.0;
				LIBRARY_SEARCH_PATHS = (
					"$(inherited)",
					"$(USER_LIBRARY_DIR)/Developer/Xcode/DerivedData/Airmote+-bnterijyewazbxeoxmsfsvinvpuz/Build/Products/Debug-iphoneos",
				);
				PRODUCT_NAME = "InAiR Remote";
				PROVISIONING_PROFILE = "397c7a41-4e42-4f0d-ae85-617c899d0a4c";
				SDKROOT = iphoneos;
				USER_HEADER_SEARCH_PATHS = "\"${PROJECT_DIR}/Pods\"/**";
				WRAPPER_EXTENSION = app;
			};
			name = Release;
		};
/* End XCBuildConfiguration section */

/* Begin XCConfigurationList section */
		01A90207182A3CBE00D85971 /* Build configuration list for PBXProject "Airmote+" */ = {
			isa = XCConfigurationList;
			buildConfigurations = (
				01A9023C182A3CBF00D85971 /* Debug */,
				01A9023D182A3CBF00D85971 /* Release */,
			);
			defaultConfigurationIsVisible = 0;
			defaultConfigurationName = Release;
		};
		01A90241182A3CBF00D85971 /* Build configuration list for PBXNativeTarget "Airmote+Tests" */ = {
			isa = XCConfigurationList;
			buildConfigurations = (
				01A90242182A3CBF00D85971 /* Debug */,
				01A90243182A3CBF00D85971 /* Release */,
			);
			defaultConfigurationIsVisible = 0;
			defaultConfigurationName = Release;
		};
		B42B60C01ABC2A0900C9C4F9 /* Build configuration list for PBXNativeTarget "Airmote" */ = {
			isa = XCConfigurationList;
			buildConfigurations = (
				B42B60C11ABC2A0900C9C4F9 /* Debug */,
				B42B60C21ABC2A0900C9C4F9 /* Release */,
			);
			defaultConfigurationIsVisible = 0;
			defaultConfigurationName = Release;
		};
/* End XCConfigurationList section */
	};
	rootObject = 01A90204182A3CBE00D85971 /* Project object */;
}
