<?xml version="1.0" encoding="UTF-8"?>
<!DOCTYPE plist PUBLIC "-//Apple//DTD PLIST 1.0//EN" "http://www.apple.com/DTDs/PropertyList-1.0.dtd">
<plist version="1.0">
<dict>
	<key>archiveVersion</key>
	<string>1</string>
	<key>classes</key>
	<dict/>
	<key>objectVersion</key>
	<string>46</string>
	<key>objects</key>
	<dict>
		<key>010887CC182CCE6E008BDD22</key>
		<dict>
			<key>fileEncoding</key>
			<string>4</string>
			<key>isa</key>
			<string>PBXFileReference</string>
			<key>lastKnownFileType</key>
			<string>text</string>
			<key>path</key>
			<string>Podfile</string>
			<key>sourceTree</key>
			<string>SOURCE_ROOT</string>
			<key>xcLanguageSpecificationIdentifier</key>
			<string>xcode.lang.ruby</string>
		</dict>
		<key>010887CD182CCE6E008BDD22</key>
		<dict>
			<key>fileRef</key>
			<string>010887CC182CCE6E008BDD22</string>
			<key>isa</key>
			<string>PBXBuildFile</string>
		</dict>
		<key>013F057E186983A50029A23E</key>
		<dict>
			<key>isa</key>
			<string>PBXFileReference</string>
			<key>lastKnownFileType</key>
			<string>wrapper.framework</string>
			<key>name</key>
			<string>CFNetwork.framework</string>
			<key>path</key>
			<string>System/Library/Frameworks/CFNetwork.framework</string>
			<key>sourceTree</key>
			<string>SDKROOT</string>
		</dict>
		<key>013F057F186983A50029A23E</key>
		<dict>
			<key>fileRef</key>
			<string>013F057E186983A50029A23E</string>
			<key>isa</key>
			<string>PBXBuildFile</string>
		</dict>
		<key>013F0580186983AC0029A23E</key>
		<dict>
			<key>isa</key>
			<string>PBXFileReference</string>
			<key>lastKnownFileType</key>
			<string>wrapper.framework</string>
			<key>name</key>
			<string>Security.framework</string>
			<key>path</key>
			<string>System/Library/Frameworks/Security.framework</string>
			<key>sourceTree</key>
			<string>SDKROOT</string>
		</dict>
		<key>013F0581186983AC0029A23E</key>
		<dict>
			<key>fileRef</key>
			<string>013F0580186983AC0029A23E</string>
			<key>isa</key>
			<string>PBXBuildFile</string>
		</dict>
		<key>01A2464618373565004B45FB</key>
		<dict>
			<key>children</key>
			<array/>
			<key>isa</key>
			<string>PBXGroup</string>
			<key>name</key>
			<string>Resources</string>
			<key>sourceTree</key>
			<string>&lt;group&gt;</string>
		</dict>
		<key>01A90203182A3CBE00D85971</key>
		<dict>
			<key>children</key>
			<array>
				<string>01A90215182A3CBE00D85971</string>
				<string>01A90234182A3CBF00D85971</string>
				<string>01A9020E182A3CBE00D85971</string>
				<string>01A9020D182A3CBE00D85971</string>
				<string>19F041656A298F21DD2C48A1</string>
			</array>
			<key>isa</key>
			<string>PBXGroup</string>
			<key>sourceTree</key>
			<string>&lt;group&gt;</string>
		</dict>
		<key>01A90204182A3CBE00D85971</key>
		<dict>
			<key>attributes</key>
			<dict>
				<key>LastUpgradeCheck</key>
				<string>0500</string>
				<key>ORGANIZATIONNAME</key>
				<string>Long Nguyen</string>
				<key>TargetAttributes</key>
				<dict>
					<key>01A9020B182A3CBE00D85971</key>
					<dict>
						<key>DevelopmentTeam</key>
						<string>GXWKVZE5L6</string>
						<key>SystemCapabilities</key>
						<dict>
							<key>com.apple.BackgroundModes</key>
							<dict>
								<key>enabled</key>
								<string>0</string>
							</dict>
						</dict>
					</dict>
					<key>01A9022C182A3CBF00D85971</key>
					<dict>
						<key>TestTargetID</key>
						<string>01A9020B182A3CBE00D85971</string>
					</dict>
				</dict>
			</dict>
			<key>buildConfigurationList</key>
			<string>01A90207182A3CBE00D85971</string>
			<key>compatibilityVersion</key>
			<string>Xcode 3.2</string>
			<key>developmentRegion</key>
			<string>English</string>
			<key>hasScannedForEncodings</key>
			<string>0</string>
			<key>isa</key>
			<string>PBXProject</string>
			<key>knownRegions</key>
			<array>
				<string>en</string>
				<string>Base</string>
			</array>
			<key>mainGroup</key>
			<string>01A90203182A3CBE00D85971</string>
			<key>productRefGroup</key>
			<string>01A9020D182A3CBE00D85971</string>
			<key>projectDirPath</key>
			<string></string>
			<key>projectReferences</key>
			<array/>
			<key>projectRoot</key>
			<string></string>
			<key>targets</key>
			<array>
				<string>01A9020B182A3CBE00D85971</string>
				<string>01A9022C182A3CBF00D85971</string>
			</array>
		</dict>
		<key>01A90207182A3CBE00D85971</key>
		<dict>
			<key>buildConfigurations</key>
			<array>
				<string>01A9023C182A3CBF00D85971</string>
				<string>01A9023D182A3CBF00D85971</string>
			</array>
			<key>defaultConfigurationIsVisible</key>
			<string>0</string>
			<key>defaultConfigurationName</key>
			<string>Release</string>
			<key>isa</key>
			<string>XCConfigurationList</string>
		</dict>
		<key>01A90208182A3CBE00D85971</key>
		<dict>
			<key>buildActionMask</key>
			<string>2147483647</string>
			<key>files</key>
			<array>
				<string>01A90609182A49A100D85971</string>
				<string>B4F9934119A4DE77006FC9C2</string>
				<string>B4F9933719A487EA006FC9C2</string>
				<string>01A9021C182A3CBE00D85971</string>
				<string>B4F9934619A4E097006FC9C2</string>
				<string>B4F9933B19A497F1006FC9C2</string>
				<string>B4F9934B19A4E925006FC9C2</string>
				<string>C584401A066D1F1903B6A015</string>
				<string>C584443CEB09A26106DE0C2E</string>
				<string>B4BBD95319A3661500156A92</string>
				<string>C584471B49D0CE130B025D7F</string>
				<string>C5844F87624D1E90C002C719</string>
				<string>C5844336C46484FF8281DEA2</string>
				<string>C5844A0B86EA15AA83BB1977</string>
				<string>C58444AF7A720078B3CB7669</string>
				<string>C5844157B336B00A1022EA6A</string>
				<string>C58440858C2E4C0D850E5583</string>
				<string>C5844214A4CD8611C5BC8659</string>
				<string>B46889AA19AEE5ED0043A8A9</string>
				<string>C5844B96C4F5A3E00AE2726A</string>
				<string>C5844D863B1EFAC244C75EB8</string>
			</array>
			<key>isa</key>
			<string>PBXSourcesBuildPhase</string>
			<key>runOnlyForDeploymentPostprocessing</key>
			<string>0</string>
		</dict>
		<key>01A90209182A3CBE00D85971</key>
		<dict>
			<key>buildActionMask</key>
			<string>2147483647</string>
			<key>files</key>
			<array>
				<string>B4B87A8119A20A5400E2BDD0</string>
				<string>013F0581186983AC0029A23E</string>
				<string>013F057F186983A50029A23E</string>
				<string>01A90212182A3CBE00D85971</string>
				<string>01A90214182A3CBE00D85971</string>
				<string>01A90210182A3CBE00D85971</string>
				<string>37347075505D4DBDB2B7D0D4</string>
			</array>
			<key>isa</key>
			<string>PBXFrameworksBuildPhase</string>
			<key>runOnlyForDeploymentPostprocessing</key>
			<string>0</string>
		</dict>
		<key>01A9020A182A3CBE00D85971</key>
		<dict>
			<key>buildActionMask</key>
			<string>2147483647</string>
			<key>files</key>
			<array>
				<string>B4F9934719A4E097006FC9C2</string>
				<string>01F415611871DA4300029AFE</string>
				<string>B4F9933D19A498C2006FC9C2</string>
				<string>01A90228182A3CBE00D85971</string>
				<string>B4F9934C19A4E925006FC9C2</string>
				<string>010887CD182CCE6E008BDD22</string>
				<string>01A9021A182A3CBE00D85971</string>
				<string>C5844045E9501BBBDD32072C</string>
				<string>B4F9934219A4DE77006FC9C2</string>
				<string>B4F9933819A487EA006FC9C2</string>
				<string>B4BBD95419A3661500156A92</string>
				<string>B46889AB19AEE5ED0043A8A9</string>
				<string>C5844AB198B3D10C81FB020E</string>
			</array>
			<key>isa</key>
			<string>PBXResourcesBuildPhase</string>
			<key>runOnlyForDeploymentPostprocessing</key>
			<string>0</string>
		</dict>
		<key>01A9020B182A3CBE00D85971</key>
		<dict>
			<key>buildConfigurationList</key>
			<string>01A9023E182A3CBF00D85971</string>
			<key>buildPhases</key>
			<array>
				<string>6B264A8D268F4E1ABA8E6524</string>
				<string>01A90208182A3CBE00D85971</string>
				<string>01A90209182A3CBE00D85971</string>
				<string>01A9020A182A3CBE00D85971</string>
				<string>E47121F87F4743B385FB505E</string>
			</array>
			<key>buildRules</key>
			<array/>
			<key>dependencies</key>
			<array/>
			<key>isa</key>
			<string>PBXNativeTarget</string>
			<key>name</key>
			<string>Airmote</string>
			<key>productName</key>
			<string>Airmote+</string>
			<key>productReference</key>
			<string>01A9020C182A3CBE00D85971</string>
			<key>productType</key>
			<string>com.apple.product-type.application</string>
		</dict>
		<key>01A9020C182A3CBE00D85971</key>
		<dict>
			<key>explicitFileType</key>
			<string>wrapper.application</string>
			<key>includeInIndex</key>
			<string>0</string>
			<key>isa</key>
			<string>PBXFileReference</string>
			<key>path</key>
			<string>Airmote.app</string>
			<key>sourceTree</key>
			<string>BUILT_PRODUCTS_DIR</string>
		</dict>
		<key>01A9020D182A3CBE00D85971</key>
		<dict>
			<key>children</key>
			<array>
				<string>01A9020C182A3CBE00D85971</string>
				<string>01A9022D182A3CBF00D85971</string>
			</array>
			<key>isa</key>
			<string>PBXGroup</string>
			<key>name</key>
			<string>Products</string>
			<key>sourceTree</key>
			<string>&lt;group&gt;</string>
		</dict>
		<key>01A9020E182A3CBE00D85971</key>
		<dict>
			<key>children</key>
			<array>
				<string>B4B87A8019A20A5400E2BDD0</string>
				<string>013F0580186983AC0029A23E</string>
				<string>013F057E186983A50029A23E</string>
				<string>01A9020F182A3CBE00D85971</string>
				<string>01A90211182A3CBE00D85971</string>
				<string>01A90213182A3CBE00D85971</string>
				<string>B16347417AEC44FE911F15C2</string>
			</array>
			<key>isa</key>
			<string>PBXGroup</string>
			<key>name</key>
			<string>Frameworks</string>
			<key>sourceTree</key>
			<string>&lt;group&gt;</string>
		</dict>
		<key>01A9020F182A3CBE00D85971</key>
		<dict>
			<key>isa</key>
			<string>PBXFileReference</string>
			<key>lastKnownFileType</key>
			<string>wrapper.framework</string>
			<key>name</key>
			<string>Foundation.framework</string>
			<key>path</key>
			<string>System/Library/Frameworks/Foundation.framework</string>
			<key>sourceTree</key>
			<string>SDKROOT</string>
		</dict>
		<key>01A90210182A3CBE00D85971</key>
		<dict>
			<key>fileRef</key>
			<string>01A9020F182A3CBE00D85971</string>
			<key>isa</key>
			<string>PBXBuildFile</string>
		</dict>
		<key>01A90211182A3CBE00D85971</key>
		<dict>
			<key>isa</key>
			<string>PBXFileReference</string>
			<key>lastKnownFileType</key>
			<string>wrapper.framework</string>
			<key>name</key>
			<string>CoreGraphics.framework</string>
			<key>path</key>
			<string>System/Library/Frameworks/CoreGraphics.framework</string>
			<key>sourceTree</key>
			<string>SDKROOT</string>
		</dict>
		<key>01A90212182A3CBE00D85971</key>
		<dict>
			<key>fileRef</key>
			<string>01A90211182A3CBE00D85971</string>
			<key>isa</key>
			<string>PBXBuildFile</string>
		</dict>
		<key>01A90213182A3CBE00D85971</key>
		<dict>
			<key>isa</key>
			<string>PBXFileReference</string>
			<key>lastKnownFileType</key>
			<string>wrapper.framework</string>
			<key>name</key>
			<string>UIKit.framework</string>
			<key>path</key>
			<string>System/Library/Frameworks/UIKit.framework</string>
			<key>sourceTree</key>
			<string>SDKROOT</string>
		</dict>
		<key>01A90214182A3CBE00D85971</key>
		<dict>
			<key>fileRef</key>
			<string>01A90213182A3CBE00D85971</string>
			<key>isa</key>
			<string>PBXBuildFile</string>
		</dict>
		<key>01A90215182A3CBE00D85971</key>
		<dict>
			<key>children</key>
			<array>
				<string>01A9021E182A3CBE00D85971</string>
				<string>01A90607182A49A100D85971</string>
				<string>01A90216182A3CBE00D85971</string>
				<string>01A2464618373565004B45FB</string>
				<string>C58448E1ADE49C610D8758EA</string>
				<string>C5844155D2C1820D6F594B0B</string>
				<string>C5844F6ADDED29C7F925909D</string>
				<string>C5844DF4E48C812A124BD5B5</string>
				<string>C5844331283D679720E4F533</string>
				<string>C5844B139560E82998715985</string>
				<string>C5844EA208CDA6A382AB9A98</string>
			</array>
			<key>isa</key>
			<string>PBXGroup</string>
			<key>path</key>
			<string>Airmote+</string>
			<key>sourceTree</key>
			<string>&lt;group&gt;</string>
		</dict>
		<key>01A90216182A3CBE00D85971</key>
		<dict>
			<key>children</key>
			<array>
				<string>01F415601871DA4300029AFE</string>
				<string>010887CC182CCE6E008BDD22</string>
				<string>01A90227182A3CBE00D85971</string>
				<string>01A90217182A3CBE00D85971</string>
				<string>01A90218182A3CBE00D85971</string>
				<string>01A9021B182A3CBE00D85971</string>
				<string>01A9021D182A3CBE00D85971</string>
			</array>
			<key>isa</key>
			<string>PBXGroup</string>
			<key>name</key>
			<string>Supporting Files</string>
			<key>sourceTree</key>
			<string>&lt;group&gt;</string>
		</dict>
		<key>01A90217182A3CBE00D85971</key>
		<dict>
			<key>isa</key>
			<string>PBXFileReference</string>
			<key>lastKnownFileType</key>
			<string>text.plist.xml</string>
			<key>path</key>
			<string>Airmote+-Info.plist</string>
			<key>sourceTree</key>
			<string>&lt;group&gt;</string>
		</dict>
		<key>01A90218182A3CBE00D85971</key>
		<dict>
			<key>children</key>
			<array>
				<string>01A90219182A3CBE00D85971</string>
			</array>
			<key>isa</key>
			<string>PBXVariantGroup</string>
			<key>name</key>
			<string>InfoPlist.strings</string>
			<key>sourceTree</key>
			<string>&lt;group&gt;</string>
		</dict>
		<key>01A90219182A3CBE00D85971</key>
		<dict>
			<key>isa</key>
			<string>PBXFileReference</string>
			<key>lastKnownFileType</key>
			<string>text.plist.strings</string>
			<key>name</key>
			<string>en</string>
			<key>path</key>
			<string>en.lproj/InfoPlist.strings</string>
			<key>sourceTree</key>
			<string>&lt;group&gt;</string>
		</dict>
		<key>01A9021A182A3CBE00D85971</key>
		<dict>
			<key>fileRef</key>
			<string>01A90218182A3CBE00D85971</string>
			<key>isa</key>
			<string>PBXBuildFile</string>
		</dict>
		<key>01A9021B182A3CBE00D85971</key>
		<dict>
			<key>isa</key>
			<string>PBXFileReference</string>
			<key>lastKnownFileType</key>
			<string>sourcecode.c.objc</string>
			<key>path</key>
			<string>main.m</string>
			<key>sourceTree</key>
			<string>&lt;group&gt;</string>
		</dict>
		<key>01A9021C182A3CBE00D85971</key>
		<dict>
			<key>fileRef</key>
			<string>01A9021B182A3CBE00D85971</string>
			<key>isa</key>
			<string>PBXBuildFile</string>
		</dict>
		<key>01A9021D182A3CBE00D85971</key>
		<dict>
			<key>isa</key>
			<string>PBXFileReference</string>
			<key>lastKnownFileType</key>
			<string>sourcecode.c.h</string>
			<key>path</key>
			<string>Airmote+-Prefix.pch</string>
			<key>sourceTree</key>
			<string>&lt;group&gt;</string>
		</dict>
		<key>01A9021E182A3CBE00D85971</key>
		<dict>
			<key>isa</key>
			<string>PBXFileReference</string>
			<key>lastKnownFileType</key>
			<string>sourcecode.c.h</string>
			<key>path</key>
			<string>AppDelegate.h</string>
			<key>sourceTree</key>
			<string>&lt;group&gt;</string>
		</dict>
		<key>01A90227182A3CBE00D85971</key>
		<dict>
			<key>isa</key>
			<string>PBXFileReference</string>
			<key>lastKnownFileType</key>
			<string>folder.assetcatalog</string>
			<key>path</key>
			<string>Images.xcassets</string>
			<key>sourceTree</key>
			<string>&lt;group&gt;</string>
		</dict>
		<key>01A90228182A3CBE00D85971</key>
		<dict>
			<key>fileRef</key>
			<string>01A90227182A3CBE00D85971</string>
			<key>isa</key>
			<string>PBXBuildFile</string>
		</dict>
		<key>01A90229182A3CBF00D85971</key>
		<dict>
			<key>buildActionMask</key>
			<string>2147483647</string>
			<key>files</key>
			<array>
				<string>01A9023B182A3CBF00D85971</string>
			</array>
			<key>isa</key>
			<string>PBXSourcesBuildPhase</string>
			<key>runOnlyForDeploymentPostprocessing</key>
			<string>0</string>
		</dict>
		<key>01A9022A182A3CBF00D85971</key>
		<dict>
			<key>buildActionMask</key>
			<string>2147483647</string>
			<key>files</key>
			<array>
				<string>01A90231182A3CBF00D85971</string>
				<string>01A90230182A3CBF00D85971</string>
			</array>
			<key>isa</key>
			<string>PBXFrameworksBuildPhase</string>
			<key>runOnlyForDeploymentPostprocessing</key>
			<string>0</string>
		</dict>
		<key>01A9022B182A3CBF00D85971</key>
		<dict>
			<key>buildActionMask</key>
			<string>2147483647</string>
			<key>files</key>
			<array>
				<string>01A90239182A3CBF00D85971</string>
			</array>
			<key>isa</key>
			<string>PBXResourcesBuildPhase</string>
			<key>runOnlyForDeploymentPostprocessing</key>
			<string>0</string>
		</dict>
		<key>01A9022C182A3CBF00D85971</key>
		<dict>
			<key>buildConfigurationList</key>
			<string>01A90241182A3CBF00D85971</string>
			<key>buildPhases</key>
			<array>
				<string>01A90229182A3CBF00D85971</string>
				<string>01A9022A182A3CBF00D85971</string>
				<string>01A9022B182A3CBF00D85971</string>
			</array>
			<key>buildRules</key>
			<array/>
			<key>dependencies</key>
			<array>
				<string>01A90233182A3CBF00D85971</string>
				<string>01CC998E19629CDD006C6AFA</string>
				<string>01CC999019629CDD006C6AFA</string>
			</array>
			<key>isa</key>
			<string>PBXNativeTarget</string>
			<key>name</key>
			<string>Airmote+Tests</string>
			<key>productName</key>
			<string>Airmote+Tests</string>
			<key>productReference</key>
			<string>01A9022D182A3CBF00D85971</string>
			<key>productType</key>
			<string>com.apple.product-type.bundle.unit-test</string>
		</dict>
		<key>01A9022D182A3CBF00D85971</key>
		<dict>
			<key>explicitFileType</key>
			<string>wrapper.cfbundle</string>
			<key>includeInIndex</key>
			<string>0</string>
			<key>isa</key>
			<string>PBXFileReference</string>
			<key>path</key>
			<string>Airmote+Tests.xctest</string>
			<key>sourceTree</key>
			<string>BUILT_PRODUCTS_DIR</string>
		</dict>
		<key>01A90230182A3CBF00D85971</key>
		<dict>
			<key>fileRef</key>
			<string>01A9020F182A3CBE00D85971</string>
			<key>isa</key>
			<string>PBXBuildFile</string>
		</dict>
		<key>01A90231182A3CBF00D85971</key>
		<dict>
			<key>fileRef</key>
			<string>01A90213182A3CBE00D85971</string>
			<key>isa</key>
			<string>PBXBuildFile</string>
		</dict>
		<key>01A90232182A3CBF00D85971</key>
		<dict>
			<key>containerPortal</key>
			<string>01A90204182A3CBE00D85971</string>
			<key>isa</key>
			<string>PBXContainerItemProxy</string>
			<key>proxyType</key>
			<string>1</string>
			<key>remoteGlobalIDString</key>
			<string>01A9020B182A3CBE00D85971</string>
			<key>remoteInfo</key>
			<string>Airmote+</string>
		</dict>
		<key>01A90233182A3CBF00D85971</key>
		<dict>
			<key>isa</key>
			<string>PBXTargetDependency</string>
			<key>target</key>
			<string>01A9020B182A3CBE00D85971</string>
			<key>targetProxy</key>
			<string>01A90232182A3CBF00D85971</string>
		</dict>
		<key>01A90234182A3CBF00D85971</key>
		<dict>
			<key>children</key>
			<array>
				<string>01A9023A182A3CBF00D85971</string>
				<string>01A90235182A3CBF00D85971</string>
			</array>
			<key>isa</key>
			<string>PBXGroup</string>
			<key>path</key>
			<string>Airmote+Tests</string>
			<key>sourceTree</key>
			<string>&lt;group&gt;</string>
		</dict>
		<key>01A90235182A3CBF00D85971</key>
		<dict>
			<key>children</key>
			<array>
				<string>01A90236182A3CBF00D85971</string>
				<string>01A90237182A3CBF00D85971</string>
			</array>
			<key>isa</key>
			<string>PBXGroup</string>
			<key>name</key>
			<string>Supporting Files</string>
			<key>sourceTree</key>
			<string>&lt;group&gt;</string>
		</dict>
		<key>01A90236182A3CBF00D85971</key>
		<dict>
			<key>isa</key>
			<string>PBXFileReference</string>
			<key>lastKnownFileType</key>
			<string>text.plist.xml</string>
			<key>path</key>
			<string>Airmote+Tests-Info.plist</string>
			<key>sourceTree</key>
			<string>&lt;group&gt;</string>
		</dict>
		<key>01A90237182A3CBF00D85971</key>
		<dict>
			<key>children</key>
			<array>
				<string>01A90238182A3CBF00D85971</string>
			</array>
			<key>isa</key>
			<string>PBXVariantGroup</string>
			<key>name</key>
			<string>InfoPlist.strings</string>
			<key>sourceTree</key>
			<string>&lt;group&gt;</string>
		</dict>
		<key>01A90238182A3CBF00D85971</key>
		<dict>
			<key>isa</key>
			<string>PBXFileReference</string>
			<key>lastKnownFileType</key>
			<string>text.plist.strings</string>
			<key>name</key>
			<string>en</string>
			<key>path</key>
			<string>en.lproj/InfoPlist.strings</string>
			<key>sourceTree</key>
			<string>&lt;group&gt;</string>
		</dict>
		<key>01A90239182A3CBF00D85971</key>
		<dict>
			<key>fileRef</key>
			<string>01A90237182A3CBF00D85971</string>
			<key>isa</key>
			<string>PBXBuildFile</string>
		</dict>
		<key>01A9023A182A3CBF00D85971</key>
		<dict>
			<key>isa</key>
			<string>PBXFileReference</string>
			<key>lastKnownFileType</key>
			<string>sourcecode.c.objc</string>
			<key>path</key>
			<string>Airmote_Tests.m</string>
			<key>sourceTree</key>
			<string>&lt;group&gt;</string>
		</dict>
		<key>01A9023B182A3CBF00D85971</key>
		<dict>
			<key>fileRef</key>
			<string>01A9023A182A3CBF00D85971</string>
			<key>isa</key>
			<string>PBXBuildFile</string>
		</dict>
		<key>01A9023C182A3CBF00D85971</key>
		<dict>
			<key>buildSettings</key>
			<dict>
				<key>ALWAYS_SEARCH_USER_PATHS</key>
				<string>NO</string>
				<key>ARCHS</key>
				<array>
					<string>armv7</string>
					<string>arm64</string>
				</array>
				<key>CLANG_CXX_LANGUAGE_STANDARD</key>
				<string>gnu++0x</string>
				<key>CLANG_CXX_LIBRARY</key>
				<string>libc++</string>
				<key>CLANG_ENABLE_MODULES</key>
				<string>YES</string>
				<key>CLANG_ENABLE_OBJC_ARC</key>
				<string>YES</string>
				<key>CLANG_WARN_BOOL_CONVERSION</key>
				<string>YES</string>
				<key>CLANG_WARN_CONSTANT_CONVERSION</key>
				<string>YES</string>
				<key>CLANG_WARN_DIRECT_OBJC_ISA_USAGE</key>
				<string>YES_ERROR</string>
				<key>CLANG_WARN_EMPTY_BODY</key>
				<string>YES</string>
				<key>CLANG_WARN_ENUM_CONVERSION</key>
				<string>YES</string>
				<key>CLANG_WARN_INT_CONVERSION</key>
				<string>YES</string>
				<key>CLANG_WARN_OBJC_ROOT_CLASS</key>
				<string>YES_ERROR</string>
				<key>CLANG_WARN__DUPLICATE_METHOD_MATCH</key>
				<string>YES</string>
				<key>CODE_SIGN_IDENTITY</key>
				<string>iPhone Developer: Nhan Dang (UF35BNRQU9)</string>
				<key>CODE_SIGN_IDENTITY[sdk=iphoneos*]</key>
				<string>iPhone Developer: Nhan Dang (UF35BNRQU9)</string>
				<key>COPY_PHASE_STRIP</key>
				<string>NO</string>
				<key>GCC_C_LANGUAGE_STANDARD</key>
				<string>gnu99</string>
				<key>GCC_DYNAMIC_NO_PIC</key>
				<string>NO</string>
				<key>GCC_OPTIMIZATION_LEVEL</key>
				<string>0</string>
				<key>GCC_PREPROCESSOR_DEFINITIONS</key>
				<array>
					<string>DEBUG=1</string>
					<string>$(inherited)</string>
				</array>
				<key>GCC_SYMBOLS_PRIVATE_EXTERN</key>
				<string>NO</string>
				<key>GCC_WARN_64_TO_32_BIT_CONVERSION</key>
				<string>YES</string>
				<key>GCC_WARN_ABOUT_RETURN_TYPE</key>
				<string>YES_ERROR</string>
				<key>GCC_WARN_UNDECLARED_SELECTOR</key>
				<string>YES</string>
				<key>GCC_WARN_UNINITIALIZED_AUTOS</key>
				<string>YES</string>
				<key>GCC_WARN_UNUSED_FUNCTION</key>
				<string>YES</string>
				<key>GCC_WARN_UNUSED_VARIABLE</key>
				<string>YES</string>
				<key>IPHONEOS_DEPLOYMENT_TARGET</key>
				<string>7.0</string>
				<key>ONLY_ACTIVE_ARCH</key>
				<string>YES</string>
				<key>PROVISIONING_PROFILE</key>
				<string>e3804ade-1ede-46b6-a3f2-61be214a05fe</string>
				<key>SDKROOT</key>
				<string>iphoneos</string>
			</dict>
			<key>isa</key>
			<string>XCBuildConfiguration</string>
			<key>name</key>
			<string>Debug</string>
		</dict>
		<key>01A9023D182A3CBF00D85971</key>
		<dict>
			<key>buildSettings</key>
			<dict>
				<key>ALWAYS_SEARCH_USER_PATHS</key>
				<string>NO</string>
				<key>ARCHS</key>
				<array>
					<string>armv7</string>
					<string>arm64</string>
				</array>
				<key>CLANG_CXX_LANGUAGE_STANDARD</key>
				<string>gnu++0x</string>
				<key>CLANG_CXX_LIBRARY</key>
				<string>libc++</string>
				<key>CLANG_ENABLE_MODULES</key>
				<string>YES</string>
				<key>CLANG_ENABLE_OBJC_ARC</key>
				<string>YES</string>
				<key>CLANG_WARN_BOOL_CONVERSION</key>
				<string>YES</string>
				<key>CLANG_WARN_CONSTANT_CONVERSION</key>
				<string>YES</string>
				<key>CLANG_WARN_DIRECT_OBJC_ISA_USAGE</key>
				<string>YES_ERROR</string>
				<key>CLANG_WARN_EMPTY_BODY</key>
				<string>YES</string>
				<key>CLANG_WARN_ENUM_CONVERSION</key>
				<string>YES</string>
				<key>CLANG_WARN_INT_CONVERSION</key>
				<string>YES</string>
				<key>CLANG_WARN_OBJC_ROOT_CLASS</key>
				<string>YES_ERROR</string>
				<key>CLANG_WARN__DUPLICATE_METHOD_MATCH</key>
				<string>YES</string>
				<key>CODE_SIGN_IDENTITY</key>
				<string>iPhone Distribution: Nhan Dang (GXWKVZE5L6)</string>
				<key>CODE_SIGN_IDENTITY[sdk=iphoneos*]</key>
				<string>iPhone Distribution: Nhan Dang (GXWKVZE5L6)</string>
				<key>COPY_PHASE_STRIP</key>
				<string>YES</string>
				<key>ENABLE_NS_ASSERTIONS</key>
				<string>NO</string>
				<key>GCC_C_LANGUAGE_STANDARD</key>
				<string>gnu99</string>
				<key>GCC_WARN_64_TO_32_BIT_CONVERSION</key>
				<string>YES</string>
				<key>GCC_WARN_ABOUT_RETURN_TYPE</key>
				<string>YES_ERROR</string>
				<key>GCC_WARN_UNDECLARED_SELECTOR</key>
				<string>YES</string>
				<key>GCC_WARN_UNINITIALIZED_AUTOS</key>
				<string>YES</string>
				<key>GCC_WARN_UNUSED_FUNCTION</key>
				<string>YES</string>
				<key>GCC_WARN_UNUSED_VARIABLE</key>
				<string>YES</string>
				<key>IPHONEOS_DEPLOYMENT_TARGET</key>
				<string>7.0</string>
				<key>PROVISIONING_PROFILE</key>
				<string>e62c7ea4-d4c8-41d2-b234-7a66baa49802</string>
				<key>SDKROOT</key>
				<string>iphoneos</string>
				<key>VALIDATE_PRODUCT</key>
				<string>YES</string>
			</dict>
			<key>isa</key>
			<string>XCBuildConfiguration</string>
			<key>name</key>
			<string>Release</string>
		</dict>
		<key>01A9023E182A3CBF00D85971</key>
		<dict>
			<key>buildConfigurations</key>
			<array>
				<string>01A9023F182A3CBF00D85971</string>
				<string>01A90240182A3CBF00D85971</string>
			</array>
			<key>defaultConfigurationIsVisible</key>
			<string>0</string>
			<key>defaultConfigurationName</key>
			<string>Release</string>
			<key>isa</key>
			<string>XCConfigurationList</string>
		</dict>
		<key>01A9023F182A3CBF00D85971</key>
		<dict>
			<key>baseConfigurationReference</key>
			<string>E53AF0483658C1F08E0E9F85</string>
			<key>buildSettings</key>
			<dict>
				<key>ALWAYS_SEARCH_USER_PATHS</key>
				<string>YES</string>
				<key>ARCHS</key>
				<string>$(ARCHS_STANDARD)</string>
				<key>ASSETCATALOG_COMPILER_APPICON_NAME</key>
				<string>AppIcon</string>
				<key>ASSETCATALOG_COMPILER_LAUNCHIMAGE_NAME</key>
				<string>LaunchImage</string>
				<key>CODE_SIGN_IDENTITY</key>
				<string>iPhone Developer: Nhan Dang (UF35BNRQU9)</string>
				<key>CODE_SIGN_IDENTITY[sdk=*]</key>
				<string>iPhone Developer: Nhan Dang (UF35BNRQU9)</string>
				<key>FRAMEWORK_SEARCH_PATHS</key>
				<array>
					<string>$(inherited)</string>
					<string>$(USER_LIBRARY_DIR)/Developer/Xcode/DerivedData/Airmote+-bnterijyewazbxeoxmsfsvinvpuz/Build/Products</string>
					<string>$(USER_LIBRARY_DIR)/Developer/Xcode/DerivedData/Airmote+-bnterijyewazbxeoxmsfsvinvpuz/Build/Products</string>
				</array>
				<key>GCC_PRECOMPILE_PREFIX_HEADER</key>
				<string>YES</string>
				<key>GCC_PREFIX_HEADER</key>
				<string>Airmote+/Airmote+-Prefix.pch</string>
				<key>HEADER_SEARCH_PATHS</key>
				<array>
					<string>"${PODS_ROOT}/Headers"</string>
					<string>"${PODS_ROOT}/Headers/CocoaAsyncSocket"</string>
					<string>"${PODS_ROOT}/Headers/PBWebViewController"</string>
					<string>$(SRCROOT)</string>
				</array>
				<key>INFOPLIST_FILE</key>
				<string>Airmote+/Airmote+-Info.plist</string>
				<key>IPHONEOS_DEPLOYMENT_TARGET</key>
				<string>7.0</string>
				<key>LIBRARY_SEARCH_PATHS</key>
				<array>
					<string>$(inherited)</string>
					<string>$(USER_LIBRARY_DIR)/Developer/Xcode/DerivedData/Airmote+-bnterijyewazbxeoxmsfsvinvpuz/Build/Products/Debug-iphoneos</string>
				</array>
				<key>PRODUCT_NAME</key>
				<string>$(TARGET_NAME)</string>
				<key>PROVISIONING_PROFILE</key>
				<string>97a861bc-92c3-49bd-bdd3-2b23bfdba7af</string>
				<key>SDKROOT</key>
				<string>iphoneos</string>
				<key>USER_HEADER_SEARCH_PATHS</key>
				<string>"${PROJECT_DIR}/Pods"/**</string>
				<key>WRAPPER_EXTENSION</key>
				<string>app</string>
			</dict>
			<key>isa</key>
			<string>XCBuildConfiguration</string>
			<key>name</key>
			<string>Debug</string>
		</dict>
		<key>01A90240182A3CBF00D85971</key>
		<dict>
			<key>baseConfigurationReference</key>
			<string>4776BA18CF18092B62E2AA53</string>
			<key>buildSettings</key>
			<dict>
				<key>ALWAYS_SEARCH_USER_PATHS</key>
				<string>YES</string>
				<key>ARCHS</key>
				<string>$(ARCHS_STANDARD)</string>
				<key>ASSETCATALOG_COMPILER_APPICON_NAME</key>
				<string>AppIcon</string>
				<key>ASSETCATALOG_COMPILER_LAUNCHIMAGE_NAME</key>
				<string>LaunchImage</string>
				<key>CODE_SIGN_IDENTITY</key>
				<string>iPhone Distribution: Nhan Dang (GXWKVZE5L6)</string>
				<key>CODE_SIGN_IDENTITY[sdk=iphoneos*]</key>
				<string>iPhone Distribution: Nhan Dang (GXWKVZE5L6)</string>
				<key>FRAMEWORK_SEARCH_PATHS</key>
				<array>
					<string>$(inherited)</string>
					<string>$(USER_LIBRARY_DIR)/Developer/Xcode/DerivedData/Airmote+-bnterijyewazbxeoxmsfsvinvpuz/Build/Products</string>
					<string>$(USER_LIBRARY_DIR)/Developer/Xcode/DerivedData/Airmote+-bnterijyewazbxeoxmsfsvinvpuz/Build/Products</string>
				</array>
				<key>GCC_PRECOMPILE_PREFIX_HEADER</key>
				<string>YES</string>
				<key>GCC_PREFIX_HEADER</key>
				<string>Airmote+/Airmote+-Prefix.pch</string>
				<key>HEADER_SEARCH_PATHS</key>
				<array>
					<string>"${PODS_ROOT}/Headers"</string>
					<string>"${PODS_ROOT}/Headers/CocoaAsyncSocket"</string>
					<string>"${PODS_ROOT}/Headers/PBWebViewController"</string>
					<string>$(SRCROOT)</string>
				</array>
				<key>INFOPLIST_FILE</key>
				<string>Airmote+/Airmote+-Info.plist</string>
				<key>IPHONEOS_DEPLOYMENT_TARGET</key>
				<string>7.0</string>
				<key>LIBRARY_SEARCH_PATHS</key>
				<array>
					<string>$(inherited)</string>
					<string>$(USER_LIBRARY_DIR)/Developer/Xcode/DerivedData/Airmote+-bnterijyewazbxeoxmsfsvinvpuz/Build/Products/Debug-iphoneos</string>
				</array>
				<key>PRODUCT_NAME</key>
				<string>$(TARGET_NAME)</string>
				<key>PROVISIONING_PROFILE</key>
				<string>e62c7ea4-d4c8-41d2-b234-7a66baa49802</string>
				<key>SDKROOT</key>
				<string>iphoneos</string>
				<key>USER_HEADER_SEARCH_PATHS</key>
				<string>"${PROJECT_DIR}/Pods"/**</string>
				<key>WRAPPER_EXTENSION</key>
				<string>app</string>
			</dict>
			<key>isa</key>
			<string>XCBuildConfiguration</string>
			<key>name</key>
			<string>Release</string>
		</dict>
		<key>01A90241182A3CBF00D85971</key>
		<dict>
			<key>buildConfigurations</key>
			<array>
				<string>01A90242182A3CBF00D85971</string>
				<string>01A90243182A3CBF00D85971</string>
			</array>
			<key>defaultConfigurationIsVisible</key>
			<string>0</string>
			<key>defaultConfigurationName</key>
			<string>Release</string>
			<key>isa</key>
			<string>XCConfigurationList</string>
		</dict>
		<key>01A90242182A3CBF00D85971</key>
		<dict>
			<key>buildSettings</key>
			<dict>
				<key>ARCHS</key>
				<string>$(ARCHS_STANDARD_INCLUDING_64_BIT)</string>
				<key>BUNDLE_LOADER</key>
				<string>$(BUILT_PRODUCTS_DIR)/Airmote+.app/Airmote+</string>
				<key>FRAMEWORK_SEARCH_PATHS</key>
				<array>
					<string>$(SDKROOT)/Developer/Library/Frameworks</string>
					<string>$(inherited)</string>
					<string>$(DEVELOPER_FRAMEWORKS_DIR)</string>
				</array>
				<key>GCC_PRECOMPILE_PREFIX_HEADER</key>
				<string>YES</string>
				<key>GCC_PREFIX_HEADER</key>
				<string>Airmote+/Airmote+-Prefix.pch</string>
				<key>GCC_PREPROCESSOR_DEFINITIONS</key>
				<array>
					<string>DEBUG=1</string>
					<string>$(inherited)</string>
				</array>
				<key>INFOPLIST_FILE</key>
				<string>Airmote+Tests/Airmote+Tests-Info.plist</string>
				<key>PRODUCT_NAME</key>
				<string>$(TARGET_NAME)</string>
				<key>TEST_HOST</key>
				<string>$(BUNDLE_LOADER)</string>
				<key>WRAPPER_EXTENSION</key>
				<string>xctest</string>
			</dict>
			<key>isa</key>
			<string>XCBuildConfiguration</string>
			<key>name</key>
			<string>Debug</string>
		</dict>
		<key>01A90243182A3CBF00D85971</key>
		<dict>
			<key>buildSettings</key>
			<dict>
				<key>ARCHS</key>
				<string>$(ARCHS_STANDARD_INCLUDING_64_BIT)</string>
				<key>BUNDLE_LOADER</key>
				<string>$(BUILT_PRODUCTS_DIR)/Airmote+.app/Airmote+</string>
				<key>FRAMEWORK_SEARCH_PATHS</key>
				<array>
					<string>$(SDKROOT)/Developer/Library/Frameworks</string>
					<string>$(inherited)</string>
					<string>$(DEVELOPER_FRAMEWORKS_DIR)</string>
				</array>
				<key>GCC_PRECOMPILE_PREFIX_HEADER</key>
				<string>YES</string>
				<key>GCC_PREFIX_HEADER</key>
				<string>Airmote+/Airmote+-Prefix.pch</string>
				<key>INFOPLIST_FILE</key>
				<string>Airmote+Tests/Airmote+Tests-Info.plist</string>
				<key>PRODUCT_NAME</key>
				<string>$(TARGET_NAME)</string>
				<key>TEST_HOST</key>
				<string>$(BUNDLE_LOADER)</string>
				<key>WRAPPER_EXTENSION</key>
				<string>xctest</string>
			</dict>
			<key>isa</key>
			<string>XCBuildConfiguration</string>
			<key>name</key>
			<string>Release</string>
		</dict>
		<key>01A90607182A49A100D85971</key>
		<dict>
			<key>fileEncoding</key>
			<string>4</string>
			<key>isa</key>
			<string>PBXFileReference</string>
			<key>lastKnownFileType</key>
			<string>sourcecode.c.objc</string>
			<key>path</key>
			<string>AppDelegate.m</string>
			<key>sourceTree</key>
			<string>&lt;group&gt;</string>
		</dict>
		<key>01A90609182A49A100D85971</key>
		<dict>
			<key>fileRef</key>
			<string>01A90607182A49A100D85971</string>
			<key>isa</key>
			<string>PBXBuildFile</string>
		</dict>
		<key>01CC998D19629CDD006C6AFA</key>
		<dict>
			<key>containerPortal</key>
			<string>01A90204182A3CBE00D85971</string>
			<key>isa</key>
			<string>PBXContainerItemProxy</string>
			<key>proxyType</key>
			<string>1</string>
			<key>remoteGlobalIDString</key>
			<string>01A9020B182A3CBE00D85971</string>
			<key>remoteInfo</key>
			<string>Airmote+</string>
		</dict>
		<key>01CC998E19629CDD006C6AFA</key>
		<dict>
			<key>isa</key>
			<string>PBXTargetDependency</string>
			<key>target</key>
			<string>01A9020B182A3CBE00D85971</string>
			<key>targetProxy</key>
			<string>01CC998D19629CDD006C6AFA</string>
		</dict>
		<key>01CC998F19629CDD006C6AFA</key>
		<dict>
			<key>containerPortal</key>
			<string>01A90204182A3CBE00D85971</string>
			<key>isa</key>
			<string>PBXContainerItemProxy</string>
			<key>proxyType</key>
			<string>1</string>
			<key>remoteGlobalIDString</key>
			<string>01A9020B182A3CBE00D85971</string>
			<key>remoteInfo</key>
			<string>Airmote+</string>
		</dict>
		<key>01CC999019629CDD006C6AFA</key>
		<dict>
			<key>isa</key>
			<string>PBXTargetDependency</string>
			<key>target</key>
			<string>01A9020B182A3CBE00D85971</string>
			<key>targetProxy</key>
			<string>01CC998F19629CDD006C6AFA</string>
		</dict>
		<key>01F415601871DA4300029AFE</key>
		<dict>
			<key>isa</key>
			<string>PBXFileReference</string>
			<key>lastKnownFileType</key>
			<string>wrapper.plug-in</string>
			<key>path</key>
			<string>Settings.bundle</string>
			<key>sourceTree</key>
			<string>&lt;group&gt;</string>
		</dict>
		<key>01F415611871DA4300029AFE</key>
		<dict>
			<key>fileRef</key>
			<string>01F415601871DA4300029AFE</string>
			<key>isa</key>
			<string>PBXBuildFile</string>
		</dict>
		<key>19F041656A298F21DD2C48A1</key>
		<dict>
			<key>children</key>
			<array>
				<string>E53AF0483658C1F08E0E9F85</string>
				<string>4776BA18CF18092B62E2AA53</string>
			</array>
			<key>isa</key>
			<string>PBXGroup</string>
			<key>name</key>
			<string>Pods</string>
			<key>sourceTree</key>
			<string>&lt;group&gt;</string>
		</dict>
		<key>37347075505D4DBDB2B7D0D4</key>
		<dict>
			<key>fileRef</key>
			<string>B16347417AEC44FE911F15C2</string>
			<key>isa</key>
			<string>PBXBuildFile</string>
		</dict>
		<key>4776BA18CF18092B62E2AA53</key>
		<dict>
			<key>includeInIndex</key>
			<string>1</string>
			<key>isa</key>
			<string>PBXFileReference</string>
			<key>lastKnownFileType</key>
			<string>text.xcconfig</string>
			<key>name</key>
			<string>Pods.release.xcconfig</string>
			<key>path</key>
			<string>Pods/Target Support Files/Pods/Pods.release.xcconfig</string>
			<key>sourceTree</key>
			<string>&lt;group&gt;</string>
		</dict>
		<key>6B264A8D268F4E1ABA8E6524</key>
		<dict>
			<key>buildActionMask</key>
			<string>2147483647</string>
			<key>files</key>
			<array/>
			<key>inputPaths</key>
			<array/>
			<key>isa</key>
			<string>PBXShellScriptBuildPhase</string>
			<key>name</key>
			<string>Check Pods Manifest.lock</string>
			<key>outputPaths</key>
			<array/>
			<key>runOnlyForDeploymentPostprocessing</key>
			<string>0</string>
			<key>shellPath</key>
			<string>/bin/sh</string>
			<key>shellScript</key>
			<string>diff "${PODS_ROOT}/../Podfile.lock" "${PODS_ROOT}/Manifest.lock" &gt; /dev/null
if [[ $? != 0 ]] ; then
    cat &lt;&lt; EOM
error: The sandbox is not in sync with the Podfile.lock. Run 'pod install' or update your CocoaPods installation.
EOM
    exit 1
fi
</string>
			<key>showEnvVarsInLog</key>
			<string>0</string>
		</dict>
		<key>B16347417AEC44FE911F15C2</key>
		<dict>
			<key>explicitFileType</key>
			<string>archive.ar</string>
			<key>includeInIndex</key>
			<string>0</string>
			<key>isa</key>
			<string>PBXFileReference</string>
			<key>path</key>
			<string>libPods.a</string>
			<key>sourceTree</key>
			<string>BUILT_PRODUCTS_DIR</string>
		</dict>
		<key>B46889A719AEE5ED0043A8A9</key>
		<dict>
			<key>fileEncoding</key>
			<string>4</string>
			<key>isa</key>
			<string>PBXFileReference</string>
			<key>lastKnownFileType</key>
			<string>sourcecode.c.h</string>
			<key>path</key>
			<string>ConnectedConfirmationViewController.h</string>
			<key>sourceTree</key>
			<string>&lt;group&gt;</string>
		</dict>
		<key>B46889A819AEE5ED0043A8A9</key>
		<dict>
			<key>fileEncoding</key>
			<string>4</string>
			<key>isa</key>
			<string>PBXFileReference</string>
			<key>lastKnownFileType</key>
			<string>sourcecode.c.objc</string>
			<key>path</key>
			<string>ConnectedConfirmationViewController.m</string>
			<key>sourceTree</key>
			<string>&lt;group&gt;</string>
		</dict>
		<key>B46889A919AEE5ED0043A8A9</key>
		<dict>
			<key>fileEncoding</key>
			<string>4</string>
			<key>isa</key>
			<string>PBXFileReference</string>
			<key>lastKnownFileType</key>
			<string>file.xib</string>
			<key>path</key>
			<string>ConnectedConfirmationViewController.xib</string>
			<key>sourceTree</key>
			<string>&lt;group&gt;</string>
		</dict>
		<key>B46889AA19AEE5ED0043A8A9</key>
		<dict>
			<key>fileRef</key>
			<string>B46889A819AEE5ED0043A8A9</string>
			<key>isa</key>
			<string>PBXBuildFile</string>
		</dict>
		<key>B46889AB19AEE5ED0043A8A9</key>
		<dict>
			<key>fileRef</key>
			<string>B46889A919AEE5ED0043A8A9</string>
			<key>isa</key>
			<string>PBXBuildFile</string>
		</dict>
		<key>B4B87A8019A20A5400E2BDD0</key>
		<dict>
			<key>isa</key>
			<string>PBXFileReference</string>
			<key>lastKnownFileType</key>
			<string>compiled.mach-o.dylib</string>
			<key>name</key>
			<string>libz.dylib</string>
			<key>path</key>
			<string>usr/lib/libz.dylib</string>
			<key>sourceTree</key>
			<string>SDKROOT</string>
		</dict>
		<key>B4B87A8119A20A5400E2BDD0</key>
		<dict>
			<key>fileRef</key>
			<string>B4B87A8019A20A5400E2BDD0</string>
			<key>isa</key>
			<string>PBXBuildFile</string>
		</dict>
		<key>B4BBD95019A3661500156A92</key>
		<dict>
			<key>fileEncoding</key>
			<string>4</string>
			<key>isa</key>
			<string>PBXFileReference</string>
			<key>lastKnownFileType</key>
			<string>sourcecode.c.h</string>
			<key>path</key>
			<string>InstructionViewController.h</string>
			<key>sourceTree</key>
			<string>&lt;group&gt;</string>
		</dict>
		<key>B4BBD95119A3661500156A92</key>
		<dict>
			<key>fileEncoding</key>
			<string>4</string>
			<key>isa</key>
			<string>PBXFileReference</string>
			<key>lastKnownFileType</key>
			<string>sourcecode.c.objc</string>
			<key>path</key>
			<string>InstructionViewController.m</string>
			<key>sourceTree</key>
			<string>&lt;group&gt;</string>
		</dict>
		<key>B4BBD95219A3661500156A92</key>
		<dict>
			<key>fileEncoding</key>
			<string>4</string>
			<key>isa</key>
			<string>PBXFileReference</string>
			<key>lastKnownFileType</key>
			<string>file.xib</string>
			<key>path</key>
			<string>InstructionViewController.xib</string>
			<key>sourceTree</key>
			<string>&lt;group&gt;</string>
		</dict>
		<key>B4BBD95319A3661500156A92</key>
		<dict>
			<key>fileRef</key>
			<string>B4BBD95119A3661500156A92</string>
			<key>isa</key>
			<string>PBXBuildFile</string>
		</dict>
		<key>B4BBD95419A3661500156A92</key>
		<dict>
			<key>fileRef</key>
			<string>B4BBD95219A3661500156A92</string>
			<key>isa</key>
			<string>PBXBuildFile</string>
		</dict>
		<key>B4F9933419A487EA006FC9C2</key>
		<dict>
			<key>fileEncoding</key>
			<string>4</string>
			<key>isa</key>
			<string>PBXFileReference</string>
			<key>lastKnownFileType</key>
			<string>sourcecode.c.h</string>
			<key>path</key>
			<string>WiFiListViewController.h</string>
			<key>sourceTree</key>
			<string>&lt;group&gt;</string>
		</dict>
		<key>B4F9933519A487EA006FC9C2</key>
		<dict>
			<key>fileEncoding</key>
			<string>4</string>
			<key>isa</key>
			<string>PBXFileReference</string>
			<key>lastKnownFileType</key>
			<string>sourcecode.c.objc</string>
			<key>path</key>
			<string>WiFiListViewController.m</string>
			<key>sourceTree</key>
			<string>&lt;group&gt;</string>
		</dict>
		<key>B4F9933619A487EA006FC9C2</key>
		<dict>
			<key>fileEncoding</key>
			<string>4</string>
			<key>isa</key>
			<string>PBXFileReference</string>
			<key>lastKnownFileType</key>
			<string>file.xib</string>
			<key>path</key>
			<string>WiFiListViewController.xib</string>
			<key>sourceTree</key>
			<string>&lt;group&gt;</string>
		</dict>
		<key>B4F9933719A487EA006FC9C2</key>
		<dict>
			<key>fileRef</key>
			<string>B4F9933519A487EA006FC9C2</string>
			<key>isa</key>
			<string>PBXBuildFile</string>
		</dict>
		<key>B4F9933819A487EA006FC9C2</key>
		<dict>
			<key>fileRef</key>
			<string>B4F9933619A487EA006FC9C2</string>
			<key>isa</key>
			<string>PBXBuildFile</string>
		</dict>
		<key>B4F9933919A497F1006FC9C2</key>
		<dict>
			<key>fileEncoding</key>
			<string>4</string>
			<key>isa</key>
			<string>PBXFileReference</string>
			<key>lastKnownFileType</key>
			<string>sourcecode.c.h</string>
			<key>path</key>
			<string>WifiCell.h</string>
			<key>sourceTree</key>
			<string>&lt;group&gt;</string>
		</dict>
		<key>B4F9933A19A497F1006FC9C2</key>
		<dict>
			<key>fileEncoding</key>
			<string>4</string>
			<key>isa</key>
			<string>PBXFileReference</string>
			<key>lastKnownFileType</key>
			<string>sourcecode.c.objc</string>
			<key>path</key>
			<string>WifiCell.m</string>
			<key>sourceTree</key>
			<string>&lt;group&gt;</string>
		</dict>
		<key>B4F9933B19A497F1006FC9C2</key>
		<dict>
			<key>fileRef</key>
			<string>B4F9933A19A497F1006FC9C2</string>
			<key>isa</key>
			<string>PBXBuildFile</string>
		</dict>
		<key>B4F9933C19A498C2006FC9C2</key>
		<dict>
			<key>fileEncoding</key>
			<string>4</string>
			<key>isa</key>
			<string>PBXFileReference</string>
			<key>lastKnownFileType</key>
			<string>file.xib</string>
			<key>path</key>
			<string>WifiCell.xib</string>
			<key>sourceTree</key>
			<string>&lt;group&gt;</string>
		</dict>
		<key>B4F9933D19A498C2006FC9C2</key>
		<dict>
			<key>fileRef</key>
			<string>B4F9933C19A498C2006FC9C2</string>
			<key>isa</key>
			<string>PBXBuildFile</string>
		</dict>
		<key>B4F9933E19A4DE77006FC9C2</key>
		<dict>
			<key>fileEncoding</key>
			<string>4</string>
			<key>isa</key>
			<string>PBXFileReference</string>
			<key>lastKnownFileType</key>
			<string>sourcecode.c.h</string>
			<key>path</key>
			<string>VerifyInAiRViewController.h</string>
			<key>sourceTree</key>
			<string>&lt;group&gt;</string>
		</dict>
		<key>B4F9933F19A4DE77006FC9C2</key>
		<dict>
			<key>fileEncoding</key>
			<string>4</string>
			<key>isa</key>
			<string>PBXFileReference</string>
			<key>lastKnownFileType</key>
			<string>sourcecode.c.objc</string>
			<key>path</key>
			<string>VerifyInAiRViewController.m</string>
			<key>sourceTree</key>
			<string>&lt;group&gt;</string>
		</dict>
		<key>B4F9934019A4DE77006FC9C2</key>
		<dict>
			<key>fileEncoding</key>
			<string>4</string>
			<key>isa</key>
			<string>PBXFileReference</string>
			<key>lastKnownFileType</key>
			<string>file.xib</string>
			<key>path</key>
			<string>VerifyInAiRViewController.xib</string>
			<key>sourceTree</key>
			<string>&lt;group&gt;</string>
		</dict>
		<key>B4F9934119A4DE77006FC9C2</key>
		<dict>
			<key>fileRef</key>
			<string>B4F9933F19A4DE77006FC9C2</string>
			<key>isa</key>
			<string>PBXBuildFile</string>
		</dict>
		<key>B4F9934219A4DE77006FC9C2</key>
		<dict>
			<key>fileRef</key>
			<string>B4F9934019A4DE77006FC9C2</string>
			<key>isa</key>
			<string>PBXBuildFile</string>
		</dict>
		<key>B4F9934319A4E097006FC9C2</key>
		<dict>
			<key>fileEncoding</key>
			<string>4</string>
			<key>isa</key>
			<string>PBXFileReference</string>
			<key>lastKnownFileType</key>
			<string>sourcecode.c.h</string>
			<key>path</key>
			<string>ChangeNameViewController.h</string>
			<key>sourceTree</key>
			<string>&lt;group&gt;</string>
		</dict>
		<key>B4F9934419A4E097006FC9C2</key>
		<dict>
			<key>fileEncoding</key>
			<string>4</string>
			<key>isa</key>
			<string>PBXFileReference</string>
			<key>lastKnownFileType</key>
			<string>sourcecode.c.objc</string>
			<key>path</key>
			<string>ChangeNameViewController.m</string>
			<key>sourceTree</key>
			<string>&lt;group&gt;</string>
		</dict>
		<key>B4F9934519A4E097006FC9C2</key>
		<dict>
			<key>fileEncoding</key>
			<string>4</string>
			<key>isa</key>
			<string>PBXFileReference</string>
			<key>lastKnownFileType</key>
			<string>file.xib</string>
			<key>path</key>
			<string>ChangeNameViewController.xib</string>
			<key>sourceTree</key>
			<string>&lt;group&gt;</string>
		</dict>
		<key>B4F9934619A4E097006FC9C2</key>
		<dict>
			<key>fileRef</key>
			<string>B4F9934419A4E097006FC9C2</string>
			<key>isa</key>
			<string>PBXBuildFile</string>
		</dict>
		<key>B4F9934719A4E097006FC9C2</key>
		<dict>
			<key>fileRef</key>
			<string>B4F9934519A4E097006FC9C2</string>
			<key>isa</key>
			<string>PBXBuildFile</string>
		</dict>
		<key>B4F9934819A4E925006FC9C2</key>
		<dict>
			<key>fileEncoding</key>
			<string>4</string>
			<key>isa</key>
			<string>PBXFileReference</string>
			<key>lastKnownFileType</key>
			<string>sourcecode.c.h</string>
			<key>path</key>
			<string>EnterPasswordViewController.h</string>
			<key>sourceTree</key>
			<string>&lt;group&gt;</string>
		</dict>
		<key>B4F9934919A4E925006FC9C2</key>
		<dict>
			<key>fileEncoding</key>
			<string>4</string>
			<key>isa</key>
			<string>PBXFileReference</string>
			<key>lastKnownFileType</key>
			<string>sourcecode.c.objc</string>
			<key>path</key>
			<string>EnterPasswordViewController.m</string>
			<key>sourceTree</key>
			<string>&lt;group&gt;</string>
		</dict>
		<key>B4F9934A19A4E925006FC9C2</key>
		<dict>
			<key>fileEncoding</key>
			<string>4</string>
			<key>isa</key>
			<string>PBXFileReference</string>
			<key>lastKnownFileType</key>
			<string>file.xib</string>
			<key>path</key>
			<string>EnterPasswordViewController.xib</string>
			<key>sourceTree</key>
			<string>&lt;group&gt;</string>
		</dict>
		<key>B4F9934B19A4E925006FC9C2</key>
		<dict>
			<key>fileRef</key>
			<string>B4F9934919A4E925006FC9C2</string>
			<key>isa</key>
			<string>PBXBuildFile</string>
		</dict>
		<key>B4F9934C19A4E925006FC9C2</key>
		<dict>
			<key>fileRef</key>
			<string>B4F9934A19A4E925006FC9C2</string>
			<key>isa</key>
			<string>PBXBuildFile</string>
		</dict>
		<key>C584401A066D1F1903B6A015</key>
		<dict>
			<key>fileRef</key>
			<string>C5844ED89441B78E5ED9D931</string>
			<key>isa</key>
			<string>PBXBuildFile</string>
		</dict>
		<key>C5844045E9501BBBDD32072C</key>
		<dict>
			<key>fileRef</key>
			<string>C584421B3AFAC90EE9EFDA78</string>
			<key>isa</key>
			<string>PBXBuildFile</string>
		</dict>
		<key>C584404E51B140564D994D4F</key>
		<dict>
			<key>fileEncoding</key>
			<string>4</string>
			<key>isa</key>
			<string>PBXFileReference</string>
			<key>lastKnownFileType</key>
			<string>sourcecode.c.h</string>
			<key>path</key>
			<string>NSData+NetService.h</string>
			<key>sourceTree</key>
			<string>&lt;group&gt;</string>
		</dict>
		<key>C5844072E0B87BC74BC615E0</key>
		<dict>
			<key>fileEncoding</key>
			<string>4</string>
			<key>isa</key>
			<string>PBXFileReference</string>
			<key>lastKnownFileType</key>
			<string>sourcecode.c.objc</string>
			<key>path</key>
			<string>IAConnection.m</string>
			<key>sourceTree</key>
			<string>&lt;group&gt;</string>
		</dict>
		<key>C58440858C2E4C0D850E5583</key>
		<dict>
			<key>fileRef</key>
			<string>C58449999B7324E698D6643F</string>
			<key>isa</key>
			<string>PBXBuildFile</string>
		</dict>
		<key>C5844155D2C1820D6F594B0B</key>
		<dict>
			<key>children</key>
			<array>
				<string>C584418E08FB8FB0F1DDF896</string>
				<string>C58448D5F1B330194444A5F2</string>
				<string>C5844A3ABF93BE55E57B1EB8</string>
				<string>C584404E51B140564D994D4F</string>
				<string>C58448D55F9A1DC3853DD753</string>
				<string>C58441D73782F3A380E60FCC</string>
			</array>
			<key>isa</key>
			<string>PBXGroup</string>
			<key>path</key>
			<string>Categories</string>
			<key>sourceTree</key>
			<string>&lt;group&gt;</string>
		</dict>
		<key>C5844157B336B00A1022EA6A</key>
		<dict>
			<key>fileRef</key>
			<string>C58446B8812F646BE82E52DB</string>
			<key>isa</key>
			<string>PBXBuildFile</string>
		</dict>
		<key>C584418E08FB8FB0F1DDF896</key>
		<dict>
			<key>fileEncoding</key>
			<string>4</string>
			<key>isa</key>
			<string>PBXFileReference</string>
			<key>lastKnownFileType</key>
			<string>sourcecode.c.objc</string>
			<key>path</key>
			<string>Event+Extension.m</string>
			<key>sourceTree</key>
			<string>&lt;group&gt;</string>
		</dict>
		<key>C58441D73782F3A380E60FCC</key>
		<dict>
			<key>fileEncoding</key>
			<string>4</string>
			<key>isa</key>
			<string>PBXFileReference</string>
			<key>lastKnownFileType</key>
			<string>sourcecode.c.h</string>
			<key>path</key>
			<string>WifiNetwork+Extension.h</string>
			<key>sourceTree</key>
			<string>&lt;group&gt;</string>
		</dict>
		<key>C5844214A4CD8611C5BC8659</key>
		<dict>
			<key>fileRef</key>
			<string>C5844AEC7D865AC3656EC804</string>
			<key>isa</key>
			<string>PBXBuildFile</string>
		</dict>
		<key>C584421B3AFAC90EE9EFDA78</key>
		<dict>
			<key>isa</key>
			<string>PBXFileReference</string>
			<key>lastKnownFileType</key>
			<string>file.xib</string>
			<key>path</key>
			<string>TrackPadViewController.xib</string>
			<key>sourceTree</key>
			<string>&lt;group&gt;</string>
		</dict>
		<key>C584428433A94E0EC31817FB</key>
		<dict>
			<key>fileEncoding</key>
			<string>4</string>
			<key>isa</key>
			<string>PBXFileReference</string>
			<key>lastKnownFileType</key>
			<string>sourcecode.c.h</string>
			<key>path</key>
			<string>ProtoHelper.h</string>
			<key>sourceTree</key>
			<string>&lt;group&gt;</string>
		</dict>
		<key>C58442F85EC1ECBA64716687</key>
		<dict>
			<key>fileEncoding</key>
			<string>4</string>
			<key>isa</key>
			<string>PBXFileReference</string>
			<key>lastKnownFileType</key>
			<string>sourcecode.c.objc</string>
			<key>path</key>
			<string>EventCenter.m</string>
			<key>sourceTree</key>
			<string>&lt;group&gt;</string>
		</dict>
		<key>C5844331283D679720E4F533</key>
		<dict>
			<key>children</key>
			<array>
				<string>C5844F7CC173DFDDC8EF66C6</string>
				<string>C58449D8A0EA2DEB85384596</string>
				<string>C5844AEC7D865AC3656EC804</string>
				<string>C5844C3C3E765B9D9015EA81</string>
			</array>
			<key>isa</key>
			<string>PBXGroup</string>
			<key>path</key>
			<string>Helpers</string>
			<key>sourceTree</key>
			<string>&lt;group&gt;</string>
		</dict>
		<key>C5844336C46484FF8281DEA2</key>
		<dict>
			<key>fileRef</key>
			<string>C58449F556AFB3C52D6C7D28</string>
			<key>isa</key>
			<string>PBXBuildFile</string>
		</dict>
		<key>C584435BDD4471829B24E14F</key>
		<dict>
			<key>fileEncoding</key>
			<string>4</string>
			<key>isa</key>
			<string>PBXFileReference</string>
			<key>lastKnownFileType</key>
			<string>sourcecode.c.h</string>
			<key>path</key>
			<string>TrackPadViewController.h</string>
			<key>sourceTree</key>
			<string>&lt;group&gt;</string>
		</dict>
		<key>C584443CEB09A26106DE0C2E</key>
		<dict>
			<key>fileRef</key>
			<string>C584485FF4326A8E9B08B3A4</string>
			<key>isa</key>
			<string>PBXBuildFile</string>
		</dict>
		<key>C58444AF7A720078B3CB7669</key>
		<dict>
			<key>fileRef</key>
			<string>C58449D8A0EA2DEB85384596</string>
			<key>isa</key>
			<string>PBXBuildFile</string>
		</dict>
		<key>C58446B8812F646BE82E52DB</key>
		<dict>
			<key>fileEncoding</key>
			<string>4</string>
			<key>isa</key>
			<string>PBXFileReference</string>
			<key>lastKnownFileType</key>
			<string>sourcecode.c.objc</string>
			<key>path</key>
			<string>ProtoHelper.m</string>
			<key>sourceTree</key>
			<string>&lt;group&gt;</string>
		</dict>
		<key>C584471B49D0CE130B025D7F</key>
		<dict>
			<key>fileRef</key>
			<string>C584418E08FB8FB0F1DDF896</string>
			<key>isa</key>
			<string>PBXBuildFile</string>
		</dict>
		<key>C584485FF4326A8E9B08B3A4</key>
		<dict>
			<key>fileEncoding</key>
			<string>4</string>
			<key>isa</key>
			<string>PBXFileReference</string>
			<key>lastKnownFileType</key>
			<string>sourcecode.c.objc</string>
			<key>path</key>
			<string>WebViewController.m</string>
			<key>sourceTree</key>
			<string>&lt;group&gt;</string>
		</dict>
		<key>C584488EB37D152402FECCDD</key>
		<dict>
			<key>isa</key>
			<string>PBXFileReference</string>
			<key>lastKnownFileType</key>
			<string>file.proto</string>
			<key>path</key>
			<string>Proto.proto</string>
			<key>sourceTree</key>
			<string>&lt;group&gt;</string>
		</dict>
		<key>C58448D55F9A1DC3853DD753</key>
		<dict>
			<key>fileEncoding</key>
			<string>4</string>
			<key>isa</key>
			<string>PBXFileReference</string>
			<key>lastKnownFileType</key>
			<string>sourcecode.c.objc</string>
			<key>path</key>
			<string>WifiNetwork+Extension.m</string>
			<key>sourceTree</key>
			<string>&lt;group&gt;</string>
		</dict>
		<key>C58448D5F1B330194444A5F2</key>
		<dict>
			<key>fileEncoding</key>
			<string>4</string>
			<key>isa</key>
			<string>PBXFileReference</string>
			<key>lastKnownFileType</key>
			<string>sourcecode.c.h</string>
			<key>path</key>
			<string>Event+Extension.h</string>
			<key>sourceTree</key>
			<string>&lt;group&gt;</string>
		</dict>
		<key>C58448E1ADE49C610D8758EA</key>
		<dict>
			<key>children</key>
			<array>
				<string>C5844ED89441B78E5ED9D931</string>
				<string>C584435BDD4471829B24E14F</string>
				<string>C584421B3AFAC90EE9EFDA78</string>
				<string>C584485FF4326A8E9B08B3A4</string>
				<string>C5844E2561A6F310A6AB2A6E</string>
				<string>C5844CAC08888A7C40594B7D</string>
			</array>
			<key>isa</key>
			<string>PBXGroup</string>
			<key>path</key>
			<string>ViewControllers</string>
			<key>sourceTree</key>
			<string>&lt;group&gt;</string>
		</dict>
		<key>C58449999B7324E698D6643F</key>
		<dict>
			<key>fileEncoding</key>
			<string>4</string>
			<key>isa</key>
			<string>PBXFileReference</string>
			<key>lastKnownFileType</key>
			<string>sourcecode.c.objc</string>
			<key>path</key>
			<string>Proto.pb.m</string>
			<key>sourceTree</key>
			<string>&lt;group&gt;</string>
		</dict>
		<key>C58449D8A0EA2DEB85384596</key>
		<dict>
			<key>fileEncoding</key>
			<string>4</string>
			<key>isa</key>
			<string>PBXFileReference</string>
			<key>lastKnownFileType</key>
			<string>sourcecode.c.objc</string>
			<key>path</key>
			<string>DDURLParser.m</string>
			<key>sourceTree</key>
			<string>&lt;group&gt;</string>
		</dict>
		<key>C58449F556AFB3C52D6C7D28</key>
		<dict>
			<key>fileEncoding</key>
			<string>4</string>
			<key>isa</key>
			<string>PBXFileReference</string>
			<key>lastKnownFileType</key>
			<string>sourcecode.c.objc</string>
			<key>path</key>
			<string>TrackPadView.m</string>
			<key>sourceTree</key>
			<string>&lt;group&gt;</string>
		</dict>
		<key>C5844A0B86EA15AA83BB1977</key>
		<dict>
			<key>fileRef</key>
			<string>C5844A3ABF93BE55E57B1EB8</string>
			<key>isa</key>
			<string>PBXBuildFile</string>
		</dict>
		<key>C5844A3ABF93BE55E57B1EB8</key>
		<dict>
			<key>fileEncoding</key>
			<string>4</string>
			<key>isa</key>
			<string>PBXFileReference</string>
			<key>lastKnownFileType</key>
			<string>sourcecode.c.objc</string>
			<key>path</key>
			<string>NSData+NetService.m</string>
			<key>sourceTree</key>
			<string>&lt;group&gt;</string>
		</dict>
		<key>C5844AB198B3D10C81FB020E</key>
		<dict>
			<key>fileRef</key>
			<string>C584488EB37D152402FECCDD</string>
			<key>isa</key>
			<string>PBXBuildFile</string>
		</dict>
		<key>C5844AEC7D865AC3656EC804</key>
		<dict>
			<key>fileEncoding</key>
			<string>4</string>
			<key>isa</key>
			<string>PBXFileReference</string>
			<key>lastKnownFileType</key>
			<string>sourcecode.c.objc</string>
			<key>path</key>
			<string>WifiHelper.m</string>
			<key>sourceTree</key>
			<string>&lt;group&gt;</string>
		</dict>
		<key>C5844B139560E82998715985</key>
		<dict>
			<key>children</key>
			<array>
				<string>C5844B5A6992EB2805626C54</string>
				<string>C58446B8812F646BE82E52DB</string>
				<string>C584428433A94E0EC31817FB</string>
				<string>C58449999B7324E698D6643F</string>
				<string>C584488EB37D152402FECCDD</string>
			</array>
			<key>isa</key>
			<string>PBXGroup</string>
			<key>path</key>
			<string>Proto</string>
			<key>sourceTree</key>
			<string>&lt;group&gt;</string>
		</dict>
		<key>C5844B5A6992EB2805626C54</key>
		<dict>
			<key>fileEncoding</key>
			<string>4</string>
			<key>isa</key>
			<string>PBXFileReference</string>
			<key>lastKnownFileType</key>
			<string>sourcecode.c.h</string>
			<key>path</key>
			<string>Proto.pb.h</string>
			<key>sourceTree</key>
			<string>&lt;group&gt;</string>
		</dict>
		<key>C5844B7432A538FEF82462D1</key>
		<dict>
			<key>fileEncoding</key>
			<string>4</string>
			<key>isa</key>
			<string>PBXFileReference</string>
			<key>lastKnownFileType</key>
			<string>sourcecode.c.h</string>
			<key>path</key>
			<string>TrackPadView.h</string>
			<key>sourceTree</key>
			<string>&lt;group&gt;</string>
		</dict>
		<key>C5844B96C4F5A3E00AE2726A</key>
		<dict>
			<key>fileRef</key>
			<string>C58448D55F9A1DC3853DD753</string>
			<key>isa</key>
			<string>PBXBuildFile</string>
		</dict>
		<key>C5844C3C3E765B9D9015EA81</key>
		<dict>
			<key>fileEncoding</key>
			<string>4</string>
			<key>isa</key>
			<string>PBXFileReference</string>
			<key>lastKnownFileType</key>
			<string>sourcecode.c.h</string>
			<key>path</key>
			<string>WifiHelper.h</string>
			<key>sourceTree</key>
			<string>&lt;group&gt;</string>
		</dict>
		<key>C5844CAC08888A7C40594B7D</key>
		<dict>
			<key>children</key>
			<array>
				<string>B4BBD95019A3661500156A92</string>
				<string>B4BBD95119A3661500156A92</string>
				<string>B4BBD95219A3661500156A92</string>
				<string>B4F9933E19A4DE77006FC9C2</string>
				<string>B4F9933F19A4DE77006FC9C2</string>
				<string>B4F9934019A4DE77006FC9C2</string>
				<string>B4F9933419A487EA006FC9C2</string>
				<string>B4F9933519A487EA006FC9C2</string>
				<string>B4F9933619A487EA006FC9C2</string>
				<string>B4F9933919A497F1006FC9C2</string>
				<string>B4F9933A19A497F1006FC9C2</string>
				<string>B4F9933C19A498C2006FC9C2</string>
				<string>B4F9934319A4E097006FC9C2</string>
				<string>B4F9934419A4E097006FC9C2</string>
				<string>B4F9934519A4E097006FC9C2</string>
				<string>B4F9934819A4E925006FC9C2</string>
				<string>B4F9934919A4E925006FC9C2</string>
				<string>B4F9934A19A4E925006FC9C2</string>
				<string>B46889A719AEE5ED0043A8A9</string>
				<string>B46889A819AEE5ED0043A8A9</string>
				<string>B46889A919AEE5ED0043A8A9</string>
			</array>
			<key>isa</key>
			<string>PBXGroup</string>
			<key>path</key>
			<string>Wifi</string>
			<key>sourceTree</key>
			<string>&lt;group&gt;</string>
		</dict>
		<key>C5844D3A171D285B6A5A09D2</key>
		<dict>
			<key>fileEncoding</key>
			<string>4</string>
			<key>isa</key>
			<string>PBXFileReference</string>
			<key>lastKnownFileType</key>
			<string>sourcecode.c.h</string>
			<key>path</key>
			<string>EventCenter.h</string>
			<key>sourceTree</key>
			<string>&lt;group&gt;</string>
		</dict>
		<key>C5844D863B1EFAC244C75EB8</key>
		<dict>
			<key>fileRef</key>
			<string>C5844072E0B87BC74BC615E0</string>
			<key>isa</key>
			<string>PBXBuildFile</string>
		</dict>
		<key>C5844DF4E48C812A124BD5B5</key>
		<dict>
			<key>children</key>
			<array>
				<string>C58449F556AFB3C52D6C7D28</string>
				<string>C5844B7432A538FEF82462D1</string>
			</array>
			<key>isa</key>
			<string>PBXGroup</string>
			<key>path</key>
			<string>View</string>
			<key>sourceTree</key>
			<string>&lt;group&gt;</string>
		</dict>
		<key>C5844E141C3A2830491C7A78</key>
		<dict>
			<key>fileEncoding</key>
			<string>4</string>
			<key>isa</key>
			<string>PBXFileReference</string>
			<key>lastKnownFileType</key>
			<string>sourcecode.c.h</string>
			<key>path</key>
			<string>IAConnection.h</string>
			<key>sourceTree</key>
			<string>&lt;group&gt;</string>
		</dict>
		<key>C5844E2561A6F310A6AB2A6E</key>
		<dict>
			<key>fileEncoding</key>
			<string>4</string>
			<key>isa</key>
			<string>PBXFileReference</string>
			<key>lastKnownFileType</key>
			<string>sourcecode.c.h</string>
			<key>path</key>
			<string>WebViewController.h</string>
			<key>sourceTree</key>
			<string>&lt;group&gt;</string>
		</dict>
		<key>C5844EA208CDA6A382AB9A98</key>
		<dict>
			<key>fileEncoding</key>
			<string>4</string>
			<key>isa</key>
			<string>PBXFileReference</string>
			<key>lastKnownFileType</key>
			<string>sourcecode.c.h</string>
			<key>path</key>
			<string>AppDefines.h</string>
			<key>sourceTree</key>
			<string>&lt;group&gt;</string>
		</dict>
		<key>C5844ED89441B78E5ED9D931</key>
		<dict>
			<key>fileEncoding</key>
			<string>4</string>
			<key>isa</key>
			<string>PBXFileReference</string>
			<key>lastKnownFileType</key>
			<string>sourcecode.c.objc</string>
			<key>path</key>
			<string>TrackPadViewController.m</string>
			<key>sourceTree</key>
			<string>&lt;group&gt;</string>
		</dict>
		<key>C5844F6ADDED29C7F925909D</key>
		<dict>
			<key>children</key>
			<array>
				<string>C58442F85EC1ECBA64716687</string>
				<string>C5844D3A171D285B6A5A09D2</string>
				<string>C5844072E0B87BC74BC615E0</string>
				<string>C5844E141C3A2830491C7A78</string>
			</array>
			<key>isa</key>
			<string>PBXGroup</string>
			<key>path</key>
			<string>Data</string>
			<key>sourceTree</key>
			<string>&lt;group&gt;</string>
		</dict>
		<key>C5844F7CC173DFDDC8EF66C6</key>
		<dict>
			<key>fileEncoding</key>
			<string>4</string>
			<key>isa</key>
			<string>PBXFileReference</string>
			<key>lastKnownFileType</key>
			<string>sourcecode.c.h</string>
			<key>path</key>
			<string>DDURLParser.h</string>
			<key>sourceTree</key>
			<string>&lt;group&gt;</string>
		</dict>
		<key>C5844F87624D1E90C002C719</key>
		<dict>
			<key>fileRef</key>
			<string>C58442F85EC1ECBA64716687</string>
			<key>isa</key>
			<string>PBXBuildFile</string>
		</dict>
		<key>E47121F87F4743B385FB505E</key>
		<dict>
			<key>buildActionMask</key>
			<string>2147483647</string>
			<key>files</key>
			<array/>
			<key>inputPaths</key>
			<array/>
			<key>isa</key>
			<string>PBXShellScriptBuildPhase</string>
			<key>name</key>
			<string>Copy Pods Resources</string>
			<key>outputPaths</key>
			<array/>
			<key>runOnlyForDeploymentPostprocessing</key>
			<string>0</string>
			<key>shellPath</key>
			<string>/bin/sh</string>
			<key>shellScript</key>
			<string>"${SRCROOT}/Pods/Target Support Files/Pods/Pods-resources.sh"
</string>
			<key>showEnvVarsInLog</key>
			<string>0</string>
		</dict>
		<key>E53AF0483658C1F08E0E9F85</key>
		<dict>
			<key>includeInIndex</key>
			<string>1</string>
			<key>isa</key>
			<string>PBXFileReference</string>
			<key>lastKnownFileType</key>
			<string>text.xcconfig</string>
			<key>name</key>
			<string>Pods.debug.xcconfig</string>
			<key>path</key>
			<string>Pods/Target Support Files/Pods/Pods.debug.xcconfig</string>
			<key>sourceTree</key>
			<string>&lt;group&gt;</string>
		</dict>
	</dict>
	<key>rootObject</key>
	<string>01A90204182A3CBE00D85971</string>
</dict>
</plist>
