PODS:
  - ARChromeActivity (1.0.0)
  - ARSafariActivity (0.0.1)
  - CocoaAsyncSocket (7.4.1)
  - CocoaLumberjack (2.0.0-beta4):
    - CocoaLumberjack/Default (= 2.0.0-beta4)
    - CocoaLumberjack/Extensions (= 2.0.0-beta4)
  - CocoaLumberjack/Core (2.0.0-beta4)
  - CocoaLumberjack/Default (2.0.0-beta4):
    - CocoaLumberjack/Core
  - CocoaLumberjack/Extensions (2.0.0-beta4):
    - CocoaLumberjack/Default
  - JBWebViewController (HEAD based on 1.0.6):
    - ARChromeActivity (= 1.0)
    - ARSafariActivity (= 0.0.1)
    - NJKWebViewProgress (= 0.2)
  - JDStatusBarNotification (1.5.1)
  - NJKWebViewProgress (0.2):
    - NJKWebViewProgress/Core (= 0.2)
    - NJKWebViewProgress/ProgressView (= 0.2)
  - NJKWebViewProgress/Core (0.2)
  - NJKWebViewProgress/ProgressView (0.2)
  - ProtocolBuffers (1.9.7)
  - Reachability (3.2)
  - SetupController (0.1.2)
  - SVProgressHUD (HEAD based on 1.1.2)

DEPENDENCIES:
  - CocoaAsyncSocket (~> 7.3)
  - CocoaLumberjack (= 2.0.0-beta4)
  - JBWebViewController (HEAD)
  - JDStatusBarNotification (~> 1.5)
  - ProtocolBuffers (~> 1.9.2)
  - Reachability (~> 3.1)
  - SetupController (~> 0.1)
  - SVProgressHUD (HEAD)

SPEC CHECKSUMS:
  ARChromeActivity: cd029ef96efc46257f6fd28c69039fa4dd5907fd
  ARSafariActivity: fe7568751149f1e19deaf9e62f4bfa1a29344ffe
  CocoaAsyncSocket: b0a1a89e7ea4c1c0ea4ec83f57d55117d3cdae06
  CocoaLumberjack: 24153b24b17d853d7182b22b128971fb98e8cb18
  JBWebViewController: 04b393d1636e3cdbcdaa73a292476e4758c5cb60
  JDStatusBarNotification: 46965cc93efa668fa9f1c31cb223df5c84b421d5
  NJKWebViewProgress: 2c15e5bab985f89198259e6d8681b67e792784ca
  ProtocolBuffers: 37fdd327d36856f965ea9029b5ec0c7120e3a452
  Reachability: 1ef8adf5c4e3d362f96515d4278f68dad3c26930
  SetupController: 4118ec0ff60a90d082027b7cc296cf72949efd83
  SVProgressHUD: da7a49e789af645d9279ffbca62318945a832438

COCOAPODS: 0.35.0
